// !$*UTF8*$!
{
	archiveVersion = 1;
	classes = {
	};
	objectVersion = 52;
	objects = {

/* Begin PBXBuildFile section */
		2BA9D2E4279C06340005937C /* AppDelegate.swift in Sources */ = {isa = PBXBuildFile; fileRef = 2BA9D2E3279C06340005937C /* AppDelegate.swift */; };
		2BA9D2E6279C06340005937C /* SceneDelegate.swift in Sources */ = {isa = PBXBuildFile; fileRef = 2BA9D2E5279C06340005937C /* SceneDelegate.swift */; };
		2BA9D2ED279C06420005937C /* Assets.xcassets in Resources */ = {isa = PBXBuildFile; fileRef = 2BA9D2EC279C06420005937C /* Assets.xcassets */; };
		2BA9D2F0279C06420005937C /* LaunchScreen.storyboard in Resources */ = {isa = PBXBuildFile; fileRef = 2BA9D2EE279C06420005937C /* LaunchScreen.storyboard */; };
		2BA9D2F9279C069D0005937C /* SnapKit in Frameworks */ = {isa = PBXBuildFile; productRef = 2BA9D2F8279C069D0005937C /* SnapKit */; };
		2BA9D2FC279C06D40005937C /* Kingfisher in Frameworks */ = {isa = PBXBuildFile; productRef = 2BA9D2FB279C06D40005937C /* Kingfisher */; };
		2BA9D2FE279C08240005937C /* TodayViewController.swift in Sources */ = {isa = PBXBuildFile; fileRef = 2BA9D2FD279C08240005937C /* TodayViewController.swift */; };
		2BA9D300279C082E0005937C /* AppViewController.swift in Sources */ = {isa = PBXBuildFile; fileRef = 2BA9D2FF279C082E0005937C /* AppViewController.swift */; };
		2BA9D302279C09F40005937C /* TodayCollectionViewCell.swift in Sources */ = {isa = PBXBuildFile; fileRef = 2BA9D301279C09F40005937C /* TodayCollectionViewCell.swift */; };
		2BA9D304279C0CF70005937C /* TodayCollectionViewHeader.swift in Sources */ = {isa = PBXBuildFile; fileRef = 2BA9D303279C0CF70005937C /* TodayCollectionViewHeader.swift */; };
		2BEFB276279D765F003E88C1 /* FeatureSectionView.swift in Sources */ = {isa = PBXBuildFile; fileRef = 2BEFB275279D765F003E88C1 /* FeatureSectionView.swift */; };
		2BEFB278279D79AB003E88C1 /* FeatureSectionCollectionViewCell.swift in Sources */ = {isa = PBXBuildFile; fileRef = 2BEFB277279D79AB003E88C1 /* FeatureSectionCollectionViewCell.swift */; };
		2BEFB27A279D7CBD003E88C1 /* SeparatorView.swift in Sources */ = {isa = PBXBuildFile; fileRef = 2BEFB279279D7CBD003E88C1 /* SeparatorView.swift */; };
		2BEFB27C279D7E58003E88C1 /* RankingFeatureSectionView.swift in Sources */ = {isa = PBXBuildFile; fileRef = 2BEFB27B279D7E58003E88C1 /* RankingFeatureSectionView.swift */; };
		2BEFB27E279D812F003E88C1 /* RankingFeatureCollectionViewCell.swift in Sources */ = {isa = PBXBuildFile; fileRef = 2BEFB27D279D812F003E88C1 /* RankingFeatureCollectionViewCell.swift */; };
		2BEFB280279D8CED003E88C1 /* ExchangeCodeButtonView.swift in Sources */ = {isa = PBXBuildFile; fileRef = 2BEFB27F279D8CED003E88C1 /* ExchangeCodeButtonView.swift */; };
/* End PBXBuildFile section */

/* Begin PBXFileReference section */
		2BA9D2E0279C06340005937C /* AppstoreStyle.app */ = {isa = PBXFileReference; explicitFileType = wrapper.application; includeInIndex = 0; path = AppstoreStyle.app; sourceTree = BUILT_PRODUCTS_DIR; };
		2BA9D2E3279C06340005937C /* AppDelegate.swift */ = {isa = PBXFileReference; lastKnownFileType = sourcecode.swift; path = AppDelegate.swift; sourceTree = "<group>"; };
		2BA9D2E5279C06340005937C /* SceneDelegate.swift */ = {isa = PBXFileReference; lastKnownFileType = sourcecode.swift; path = SceneDelegate.swift; sourceTree = "<group>"; };
		2BA9D2EC279C06420005937C /* Assets.xcassets */ = {isa = PBXFileReference; lastKnownFileType = folder.assetcatalog; path = Assets.xcassets; sourceTree = "<group>"; };
		2BA9D2EF279C06420005937C /* Base */ = {isa = PBXFileReference; lastKnownFileType = file.storyboard; name = Base; path = Base.lproj/LaunchScreen.storyboard; sourceTree = "<group>"; };
		2BA9D2F1279C06420005937C /* Info.plist */ = {isa = PBXFileReference; lastKnownFileType = text.plist.xml; path = Info.plist; sourceTree = "<group>"; };
		2BA9D2FD279C08240005937C /* TodayViewController.swift */ = {isa = PBXFileReference; lastKnownFileType = sourcecode.swift; path = TodayViewController.swift; sourceTree = "<group>"; };
		2BA9D2FF279C082E0005937C /* AppViewController.swift */ = {isa = PBXFileReference; lastKnownFileType = sourcecode.swift; path = AppViewController.swift; sourceTree = "<group>"; };
		2BA9D301279C09F40005937C /* TodayCollectionViewCell.swift */ = {isa = PBXFileReference; lastKnownFileType = sourcecode.swift; path = TodayCollectionViewCell.swift; sourceTree = "<group>"; };
		2BA9D303279C0CF70005937C /* TodayCollectionViewHeader.swift */ = {isa = PBXFileReference; lastKnownFileType = sourcecode.swift; path = TodayCollectionViewHeader.swift; sourceTree = "<group>"; };
		2BEFB275279D765F003E88C1 /* FeatureSectionView.swift */ = {isa = PBXFileReference; lastKnownFileType = sourcecode.swift; path = FeatureSectionView.swift; sourceTree = "<group>"; };
		2BEFB277279D79AB003E88C1 /* FeatureSectionCollectionViewCell.swift */ = {isa = PBXFileReference; lastKnownFileType = sourcecode.swift; path = FeatureSectionCollectionViewCell.swift; sourceTree = "<group>"; };
		2BEFB279279D7CBD003E88C1 /* SeparatorView.swift */ = {isa = PBXFileReference; lastKnownFileType = sourcecode.swift; path = SeparatorView.swift; sourceTree = "<group>"; };
		2BEFB27B279D7E58003E88C1 /* RankingFeatureSectionView.swift */ = {isa = PBXFileReference; lastKnownFileType = sourcecode.swift; path = RankingFeatureSectionView.swift; sourceTree = "<group>"; };
		2BEFB27D279D812F003E88C1 /* RankingFeatureCollectionViewCell.swift */ = {isa = PBXFileReference; lastKnownFileType = sourcecode.swift; path = RankingFeatureCollectionViewCell.swift; sourceTree = "<group>"; };
		2BEFB27F279D8CED003E88C1 /* ExchangeCodeButtonView.swift */ = {isa = PBXFileReference; lastKnownFileType = sourcecode.swift; path = ExchangeCodeButtonView.swift; sourceTree = "<group>"; };
/* End PBXFileReference section */

/* Begin PBXFrameworksBuildPhase section */
		2BA9D2DD279C06340005937C /* Frameworks */ = {
			isa = PBXFrameworksBuildPhase;
			buildActionMask = 2147483647;
			files = (
				2BA9D2FC279C06D40005937C /* Kingfisher in Frameworks */,
				2BA9D2F9279C069D0005937C /* SnapKit in Frameworks */,
			);
			runOnlyForDeploymentPostprocessing = 0;
		};
/* End PBXFrameworksBuildPhase section */

/* Begin PBXGroup section */
		2BA9D2D7279C06330005937C = {
			isa = PBXGroup;
			children = (
				2BA9D2E2279C06340005937C /* AppstoreStyle */,
				2BA9D2E1279C06340005937C /* Products */,
			);
			sourceTree = "<group>";
		};
		2BA9D2E1279C06340005937C /* Products */ = {
			isa = PBXGroup;
			children = (
				2BA9D2E0279C06340005937C /* AppstoreStyle.app */,
			);
			name = Products;
			sourceTree = "<group>";
		};
		2BA9D2E2279C06340005937C /* AppstoreStyle */ = {
			isa = PBXGroup;
			children = (
				2BA9D305279C11850005937C /* Scenes */,
				2BA9D2E3279C06340005937C /* AppDelegate.swift */,
				2BA9D2E5279C06340005937C /* SceneDelegate.swift */,
				2BA9D2EC279C06420005937C /* Assets.xcassets */,
				2BA9D2EE279C06420005937C /* LaunchScreen.storyboard */,
				2BA9D2F1279C06420005937C /* Info.plist */,
			);
			path = AppstoreStyle;
			sourceTree = "<group>";
		};
		2BA9D305279C11850005937C /* Scenes */ = {
			isa = PBXGroup;
			children = (
				2BA9D307279C31020005937C /* App */,
				2BA9D306279C118E0005937C /* Today */,
			);
			path = Scenes;
			sourceTree = "<group>";
		};
		2BA9D306279C118E0005937C /* Today */ = {
			isa = PBXGroup;
			children = (
				2BA9D2FD279C08240005937C /* TodayViewController.swift */,
				2BA9D303279C0CF70005937C /* TodayCollectionViewHeader.swift */,
				2BA9D301279C09F40005937C /* TodayCollectionViewCell.swift */,
			);
			path = Today;
			sourceTree = "<group>";
		};
		2BA9D307279C31020005937C /* App */ = {
			isa = PBXGroup;
			children = (
				2BA9D2FF279C082E0005937C /* AppViewController.swift */,
				2BEFB27F279D8CED003E88C1 /* ExchangeCodeButtonView.swift */,
				2BEFB27B279D7E58003E88C1 /* RankingFeatureSectionView.swift */,
				2BEFB27D279D812F003E88C1 /* RankingFeatureCollectionViewCell.swift */,
				2BEFB275279D765F003E88C1 /* FeatureSectionView.swift */,
				2BEFB277279D79AB003E88C1 /* FeatureSectionCollectionViewCell.swift */,
				2BEFB279279D7CBD003E88C1 /* SeparatorView.swift */,
			);
			path = App;
			sourceTree = "<group>";
		};
/* End PBXGroup section */

/* Begin PBXNativeTarget section */
		2BA9D2DF279C06340005937C /* AppstoreStyle */ = {
			isa = PBXNativeTarget;
			buildConfigurationList = 2BA9D2F4279C06420005937C /* Build configuration list for PBXNativeTarget "AppstoreStyle" */;
			buildPhases = (
				2BA9D2DC279C06340005937C /* Sources */,
				2BA9D2DD279C06340005937C /* Frameworks */,
				2BA9D2DE279C06340005937C /* Resources */,
			);
			buildRules = (
			);
			dependencies = (
			);
			name = AppstoreStyle;
			packageProductDependencies = (
				2BA9D2F8279C069D0005937C /* SnapKit */,
				2BA9D2FB279C06D40005937C /* Kingfisher */,
			);
			productName = AppstoreStyle;
			productReference = 2BA9D2E0279C06340005937C /* AppstoreStyle.app */;
			productType = "com.apple.product-type.application";
		};
/* End PBXNativeTarget section */

/* Begin PBXProject section */
		2BA9D2D8279C06330005937C /* Project object */ = {
			isa = PBXProject;
			attributes = {
				LastSwiftUpdateCheck = 1250;
				LastUpgradeCheck = 1250;
				TargetAttributes = {
					2BA9D2DF279C06340005937C = {
						CreatedOnToolsVersion = 12.5.1;
					};
				};
			};
			buildConfigurationList = 2BA9D2DB279C06330005937C /* Build configuration list for PBXProject "AppstoreStyle" */;
			compatibilityVersion = "Xcode 9.3";
			developmentRegion = en;
			hasScannedForEncodings = 0;
			knownRegions = (
				en,
				Base,
			);
			mainGroup = 2BA9D2D7279C06330005937C;
			packageReferences = (
				2BA9D2F7279C069D0005937C /* XCRemoteSwiftPackageReference "SnapKit" */,
				2BA9D2FA279C06D40005937C /* XCRemoteSwiftPackageReference "Kingfisher" */,
			);
			productRefGroup = 2BA9D2E1279C06340005937C /* Products */;
			projectDirPath = "";
			projectRoot = "";
			targets = (
				2BA9D2DF279C06340005937C /* AppstoreStyle */,
			);
		};
/* End PBXProject section */

/* Begin PBXResourcesBuildPhase section */
		2BA9D2DE279C06340005937C /* Resources */ = {
			isa = PBXResourcesBuildPhase;
			buildActionMask = 2147483647;
			files = (
				2BA9D2F0279C06420005937C /* LaunchScreen.storyboard in Resources */,
				2BA9D2ED279C06420005937C /* Assets.xcassets in Resources */,
			);
			runOnlyForDeploymentPostprocessing = 0;
		};
/* End PBXResourcesBuildPhase section */

/* Begin PBXSourcesBuildPhase section */
		2BA9D2DC279C06340005937C /* Sources */ = {
			isa = PBXSourcesBuildPhase;
			buildActionMask = 2147483647;
			files = (
				2BEFB27E279D812F003E88C1 /* RankingFeatureCollectionViewCell.swift in Sources */,
				2BEFB27A279D7CBD003E88C1 /* SeparatorView.swift in Sources */,
				2BA9D2E4279C06340005937C /* AppDelegate.swift in Sources */,
				2BEFB278279D79AB003E88C1 /* FeatureSectionCollectionViewCell.swift in Sources */,
				2BEFB280279D8CED003E88C1 /* ExchangeCodeButtonView.swift in Sources */,
				2BEFB276279D765F003E88C1 /* FeatureSectionView.swift in Sources */,
				2BEFB27C279D7E58003E88C1 /* RankingFeatureSectionView.swift in Sources */,
				2BA9D2E6279C06340005937C /* SceneDelegate.swift in Sources */,
				2BA9D300279C082E0005937C /* AppViewController.swift in Sources */,
				2BA9D304279C0CF70005937C /* TodayCollectionViewHeader.swift in Sources */,
				2BA9D2FE279C08240005937C /* TodayViewController.swift in Sources */,
				2BA9D302279C09F40005937C /* TodayCollectionViewCell.swift in Sources */,
			);
			runOnlyForDeploymentPostprocessing = 0;
		};
/* End PBXSourcesBuildPhase section */

/* Begin PBXVariantGroup section */
		2BA9D2EE279C06420005937C /* LaunchScreen.storyboard */ = {
			isa = PBXVariantGroup;
			children = (
				2BA9D2EF279C06420005937C /* Base */,
			);
			name = LaunchScreen.storyboard;
			sourceTree = "<group>";
		};
/* End PBXVariantGroup section */

/* Begin XCBuildConfiguration section */
		2BA9D2F2279C06420005937C /* Debug */ = {
			isa = XCBuildConfiguration;
			buildSettings = {
				ALWAYS_SEARCH_USER_PATHS = NO;
				CLANG_ANALYZER_NONNULL = YES;
				CLANG_ANALYZER_NUMBER_OBJECT_CONVERSION = YES_AGGRESSIVE;
				CLANG_CXX_LANGUAGE_STANDARD = "gnu++14";
				CLANG_CXX_LIBRARY = "libc++";
				CLANG_ENABLE_MODULES = YES;
				CLANG_ENABLE_OBJC_ARC = YES;
				CLANG_ENABLE_OBJC_WEAK = YES;
				CLANG_WARN_BLOCK_CAPTURE_AUTORELEASING = YES;
				CLANG_WARN_BOOL_CONVERSION = YES;
				CLANG_WARN_COMMA = YES;
				CLANG_WARN_CONSTANT_CONVERSION = YES;
				CLANG_WARN_DEPRECATED_OBJC_IMPLEMENTATIONS = YES;
				CLANG_WARN_DIRECT_OBJC_ISA_USAGE = YES_ERROR;
				CLANG_WARN_DOCUMENTATION_COMMENTS = YES;
				CLANG_WARN_EMPTY_BODY = YES;
				CLANG_WARN_ENUM_CONVERSION = YES;
				CLANG_WARN_INFINITE_RECURSION = YES;
				CLANG_WARN_INT_CONVERSION = YES;
				CLANG_WARN_NON_LITERAL_NULL_CONVERSION = YES;
				CLANG_WARN_OBJC_IMPLICIT_RETAIN_SELF = YES;
				CLANG_WARN_OBJC_LITERAL_CONVERSION = YES;
				CLANG_WARN_OBJC_ROOT_CLASS = YES_ERROR;
				CLANG_WARN_QUOTED_INCLUDE_IN_FRAMEWORK_HEADER = YES;
				CLANG_WARN_RANGE_LOOP_ANALYSIS = YES;
				CLANG_WARN_STRICT_PROTOTYPES = YES;
				CLANG_WARN_SUSPICIOUS_MOVE = YES;
				CLANG_WARN_UNGUARDED_AVAILABILITY = YES_AGGRESSIVE;
				CLANG_WARN_UNREACHABLE_CODE = YES;
				CLANG_WARN__DUPLICATE_METHOD_MATCH = YES;
				COPY_PHASE_STRIP = NO;
				DEBUG_INFORMATION_FORMAT = dwarf;
				ENABLE_STRICT_OBJC_MSGSEND = YES;
				ENABLE_TESTABILITY = YES;
				GCC_C_LANGUAGE_STANDARD = gnu11;
				GCC_DYNAMIC_NO_PIC = NO;
				GCC_NO_COMMON_BLOCKS = YES;
				GCC_OPTIMIZATION_LEVEL = 0;
				GCC_PREPROCESSOR_DEFINITIONS = (
					"DEBUG=1",
					"$(inherited)",
				);
				GCC_WARN_64_TO_32_BIT_CONVERSION = YES;
				GCC_WARN_ABOUT_RETURN_TYPE = YES_ERROR;
				GCC_WARN_UNDECLARED_SELECTOR = YES;
				GCC_WARN_UNINITIALIZED_AUTOS = YES_AGGRESSIVE;
				GCC_WARN_UNUSED_FUNCTION = YES;
				GCC_WARN_UNUSED_VARIABLE = YES;
				IPHONEOS_DEPLOYMENT_TARGET = 14.5;
				MTL_ENABLE_DEBUG_INFO = INCLUDE_SOURCE;
				MTL_FAST_MATH = YES;
				ONLY_ACTIVE_ARCH = YES;
				SDKROOT = iphoneos;
				SWIFT_ACTIVE_COMPILATION_CONDITIONS = DEBUG;
				SWIFT_OPTIMIZATION_LEVEL = "-Onone";
			};
			name = Debug;
		};
		2BA9D2F3279C06420005937C /* Release */ = {
			isa = XCBuildConfiguration;
			buildSettings = {
				ALWAYS_SEARCH_USER_PATHS = NO;
				CLANG_ANALYZER_NONNULL = YES;
				CLANG_ANALYZER_NUMBER_OBJECT_CONVERSION = YES_AGGRESSIVE;
				CLANG_CXX_LANGUAGE_STANDARD = "gnu++14";
				CLANG_CXX_LIBRARY = "libc++";
				CLANG_ENABLE_MODULES = YES;
				CLANG_ENABLE_OBJC_ARC = YES;
				CLANG_ENABLE_OBJC_WEAK = YES;
				CLANG_WARN_BLOCK_CAPTURE_AUTORELEASING = YES;
				CLANG_WARN_BOOL_CONVERSION = YES;
				CLANG_WARN_COMMA = YES;
				CLANG_WARN_CONSTANT_CONVERSION = YES;
				CLANG_WARN_DEPRECATED_OBJC_IMPLEMENTATIONS = YES;
				CLANG_WARN_DIRECT_OBJC_ISA_USAGE = YES_ERROR;
				CLANG_WARN_DOCUMENTATION_COMMENTS = YES;
				CLANG_WARN_EMPTY_BODY = YES;
				CLANG_WARN_ENUM_CONVERSION = YES;
				CLANG_WARN_INFINITE_RECURSION = YES;
				CLANG_WARN_INT_CONVERSION = YES;
				CLANG_WARN_NON_LITERAL_NULL_CONVERSION = YES;
				CLANG_WARN_OBJC_IMPLICIT_RETAIN_SELF = YES;
				CLANG_WARN_OBJC_LITERAL_CONVERSION = YES;
				CLANG_WARN_OBJC_ROOT_CLASS = YES_ERROR;
				CLANG_WARN_QUOTED_INCLUDE_IN_FRAMEWORK_HEADER = YES;
				CLANG_WARN_RANGE_LOOP_ANALYSIS = YES;
				CLANG_WARN_STRICT_PROTOTYPES = YES;
				CLANG_WARN_SUSPICIOUS_MOVE = YES;
				CLANG_WARN_UNGUARDED_AVAILABILITY = YES_AGGRESSIVE;
				CLANG_WARN_UNREACHABLE_CODE = YES;
				CLANG_WARN__DUPLICATE_METHOD_MATCH = YES;
				COPY_PHASE_STRIP = NO;
				DEBUG_INFORMATION_FORMAT = "dwarf-with-dsym";
				ENABLE_NS_ASSERTIONS = NO;
				ENABLE_STRICT_OBJC_MSGSEND = YES;
				GCC_C_LANGUAGE_STANDARD = gnu11;
				GCC_NO_COMMON_BLOCKS = YES;
				GCC_WARN_64_TO_32_BIT_CONVERSION = YES;
				GCC_WARN_ABOUT_RETURN_TYPE = YES_ERROR;
				GCC_WARN_UNDECLARED_SELECTOR = YES;
				GCC_WARN_UNINITIALIZED_AUTOS = YES_AGGRESSIVE;
				GCC_WARN_UNUSED_FUNCTION = YES;
				GCC_WARN_UNUSED_VARIABLE = YES;
				IPHONEOS_DEPLOYMENT_TARGET = 14.5;
				MTL_ENABLE_DEBUG_INFO = NO;
				MTL_FAST_MATH = YES;
				SDKROOT = iphoneos;
				SWIFT_COMPILATION_MODE = wholemodule;
				SWIFT_OPTIMIZATION_LEVEL = "-O";
				VALIDATE_PRODUCT = YES;
			};
			name = Release;
		};
		2BA9D2F5279C06420005937C /* Debug */ = {
			isa = XCBuildConfiguration;
			buildSettings = {
				ASSETCATALOG_COMPILER_APPICON_NAME = AppIcon;
				ASSETCATALOG_COMPILER_GLOBAL_ACCENT_COLOR_NAME = AccentColor;
				CODE_SIGN_STYLE = Automatic;
				DEVELOPMENT_TEAM = 2Q6MH57SWY;
				INFOPLIST_FILE = AppstoreStyle/Info.plist;
				LD_RUNPATH_SEARCH_PATHS = (
					"$(inherited)",
					"@executable_path/Frameworks",
				);
				PRODUCT_BUNDLE_IDENTIFIER = com.jsy.AppstoreStyle;
				PRODUCT_NAME = "$(TARGET_NAME)";
				SWIFT_VERSION = 5.0;
				TARGETED_DEVICE_FAMILY = "1,2";
			};
			name = Debug;
		};
		2BA9D2F6279C06420005937C /* Release */ = {
			isa = XCBuildConfiguration;
			buildSettings = {
				ASSETCATALOG_COMPILER_APPICON_NAME = AppIcon;
				ASSETCATALOG_COMPILER_GLOBAL_ACCENT_COLOR_NAME = AccentColor;
				CODE_SIGN_STYLE = Automatic;
				DEVELOPMENT_TEAM = 2Q6MH57SWY;
				INFOPLIST_FILE = AppstoreStyle/Info.plist;
				LD_RUNPATH_SEARCH_PATHS = (
					"$(inherited)",
					"@executable_path/Frameworks",
				);
				PRODUCT_BUNDLE_IDENTIFIER = com.jsy.AppstoreStyle;
				PRODUCT_NAME = "$(TARGET_NAME)";
				SWIFT_VERSION = 5.0;
				TARGETED_DEVICE_FAMILY = "1,2";
			};
			name = Release;
		};
/* End XCBuildConfiguration section */

/* Begin XCConfigurationList section */
		2BA9D2DB279C06330005937C /* Build configuration list for PBXProject "AppstoreStyle" */ = {
			isa = XCConfigurationList;
			buildConfigurations = (
				2BA9D2F2279C06420005937C /* Debug */,
				2BA9D2F3279C06420005937C /* Release */,
			);
			defaultConfigurationIsVisible = 0;
			defaultConfigurationName = Release;
		};
		2BA9D2F4279C06420005937C /* Build configuration list for PBXNativeTarget "AppstoreStyle" */ = {
			isa = XCConfigurationList;
			buildConfigurations = (
				2BA9D2F5279C06420005937C /* Debug */,
				2BA9D2F6279C06420005937C /* Release */,
			);
			defaultConfigurationIsVisible = 0;
			defaultConfigurationName = Release;
		};
/* End XCConfigurationList section */

/* Begin XCRemoteSwiftPackageReference section */
		2BA9D2F7279C069D0005937C /* XCRemoteSwiftPackageReference "SnapKit" */ = {
			isa = XCRemoteSwiftPackageReference;
			repositoryURL = "https://github.com/SnapKit/SnapKit.git";
			requirement = {
				kind = upToNextMajorVersion;
				minimumVersion = 5.0.1;
			};
		};
		2BA9D2FA279C06D40005937C /* XCRemoteSwiftPackageReference "Kingfisher" */ = {
			isa = XCRemoteSwiftPackageReference;
			repositoryURL = "https://github.com/onevcat/Kingfisher.git";
			requirement = {
				kind = upToNextMajorVersion;
				minimumVersion = 7.1.2;
			};
		};
/* End XCRemoteSwiftPackageReference section */

/* Begin XCSwiftPackageProductDependency section */
		2BA9D2F8279C069D0005937C /* SnapKit */ = {
			isa = XCSwiftPackageProductDependency;
			package = 2BA9D2F7279C069D0005937C /* XCRemoteSwiftPackageReference "SnapKit" */;
			productName = SnapKit;
		};
		2BA9D2FB279C06D40005937C /* Kingfisher */ = {
			isa = XCSwiftPackageProductDependency;
			package = 2BA9D2FA279C06D40005937C /* XCRemoteSwiftPackageReference "Kingfisher" */;
			productName = Kingfisher;
		};
/* End XCSwiftPackageProductDependency section */
	};
	rootObject = 2BA9D2D8279C06330005937C /* Project object */;
}
