// !$*UTF8*$!
{
	archiveVersion = 1;
	classes = {
	};
	objectVersion = 52;
	objects = {

/* Begin PBXBuildFile section */
		2B26465627D7380E0096D528 /* AppDelegate.swift in Sources */ = {isa = PBXBuildFile; fileRef = 2B26465527D7380E0096D528 /* AppDelegate.swift */; };
		2B26465827D7380E0096D528 /* SceneDelegate.swift in Sources */ = {isa = PBXBuildFile; fileRef = 2B26465727D7380E0096D528 /* SceneDelegate.swift */; };
		2B26465F27D738120096D528 /* Assets.xcassets in Resources */ = {isa = PBXBuildFile; fileRef = 2B26465E27D738120096D528 /* Assets.xcassets */; };
		2B26466227D738120096D528 /* LaunchScreen.storyboard in Resources */ = {isa = PBXBuildFile; fileRef = 2B26466027D738120096D528 /* LaunchScreen.storyboard */; };
		2B26469427D73E1B0096D528 /* OpenGLES.framework in Frameworks */ = {isa = PBXBuildFile; fileRef = 2B26469327D73E1B0096D528 /* OpenGLES.framework */; };
		2B26469627D73E230096D528 /* SystemConfiguration.framework in Frameworks */ = {isa = PBXBuildFile; fileRef = 2B26469527D73E230096D528 /* SystemConfiguration.framework */; };
		2B26469827D73E3F0096D528 /* libc++.tbd in Frameworks */ = {isa = PBXBuildFile; fileRef = 2B26469727D73E3F0096D528 /* libc++.tbd */; };
		2B26469A27D73E470096D528 /* QuartzCore.framework in Frameworks */ = {isa = PBXBuildFile; fileRef = 2B26469927D73E470096D528 /* QuartzCore.framework */; };
		2B26469C27D73E5E0096D528 /* CoreLocation.framework in Frameworks */ = {isa = PBXBuildFile; fileRef = 2B26469B27D73E5E0096D528 /* CoreLocation.framework */; };
		2B2646C727D73F190096D528 /* map_pinup_custom@3x.png in Resources */ = {isa = PBXBuildFile; fileRef = 2B2646A227D73F190096D528 /* map_pinup_custom@3x.png */; };
		2B2646C827D73F190096D528 /* map_pin_custom.png in Resources */ = {isa = PBXBuildFile; fileRef = 2B2646A327D73F190096D528 /* map_pin_custom.png */; };
		2B2646C927D73F190096D528 /* shadow_balloon.png in Resources */ = {isa = PBXBuildFile; fileRef = 2B2646A427D73F190096D528 /* shadow_balloon.png */; };
		2B2646CA27D73F190096D528 /* map_pinup.png in Resources */ = {isa = PBXBuildFile; fileRef = 2B2646A527D73F190096D528 /* map_pinup.png */; };
		2B2646CB27D73F190096D528 /* detail_button.png in Resources */ = {isa = PBXBuildFile; fileRef = 2B2646A627D73F190096D528 /* detail_button.png */; };
		2B2646CC27D73F190096D528 /* map_pin_custom@3x.png in Resources */ = {isa = PBXBuildFile; fileRef = 2B2646A727D73F190096D528 /* map_pin_custom@3x.png */; };
		2B2646CD27D73F190096D528 /* map_pinup@3x.png in Resources */ = {isa = PBXBuildFile; fileRef = 2B2646A827D73F190096D528 /* map_pinup@3x.png */; };
		2B2646CE27D73F190096D528 /* map_pin_shadow@3x.png in Resources */ = {isa = PBXBuildFile; fileRef = 2B2646A927D73F190096D528 /* map_pin_shadow@3x.png */; };
		2B2646CF27D73F190096D528 /* copyright.png in Resources */ = {isa = PBXBuildFile; fileRef = 2B2646AA27D73F190096D528 /* copyright.png */; };
		2B2646D027D73F190096D528 /* th_line.png in Resources */ = {isa = PBXBuildFile; fileRef = 2B2646AB27D73F190096D528 /* th_line.png */; };
		2B2646D127D73F190096D528 /* map_pin_red@3x.png in Resources */ = {isa = PBXBuildFile; fileRef = 2B2646AC27D73F190096D528 /* map_pin_red@3x.png */; };
		2B2646D227D73F190096D528 /* daum_copyright.png in Resources */ = {isa = PBXBuildFile; fileRef = 2B2646AD27D73F190096D528 /* daum_copyright.png */; };
		2B2646D327D73F190096D528 /* map_pin@3x.png in Resources */ = {isa = PBXBuildFile; fileRef = 2B2646AE27D73F190096D528 /* map_pin@3x.png */; };
		2B2646D427D73F190096D528 /* map_present_tracking.png in Resources */ = {isa = PBXBuildFile; fileRef = 2B2646AF27D73F190096D528 /* map_present_tracking.png */; };
		2B2646D527D73F190096D528 /* map_pin_red.png in Resources */ = {isa = PBXBuildFile; fileRef = 2B2646B027D73F190096D528 /* map_pin_red.png */; };
		2B2646D627D73F190096D528 /* info_box.png in Resources */ = {isa = PBXBuildFile; fileRef = 2B2646BA27D73F190096D528 /* info_box.png */; };
		2B2646D727D73F190096D528 /* point_sprite.png in Resources */ = {isa = PBXBuildFile; fileRef = 2B2646BB27D73F190096D528 /* point_sprite.png */; };
		2B2646D827D73F190096D528 /* map_pinup_custom.png in Resources */ = {isa = PBXBuildFile; fileRef = 2B2646BC27D73F190096D528 /* map_pinup_custom.png */; };
		2B2646D927D73F190096D528 /* info_box_tail.png in Resources */ = {isa = PBXBuildFile; fileRef = 2B2646BD27D73F190096D528 /* info_box_tail.png */; };
		2B2646DA27D73F190096D528 /* noimage256.png in Resources */ = {isa = PBXBuildFile; fileRef = 2B2646BE27D73F190096D528 /* noimage256.png */; };
		2B2646DB27D73F190096D528 /* map_present_direction.png in Resources */ = {isa = PBXBuildFile; fileRef = 2B2646BF27D73F190096D528 /* map_present_direction.png */; };
		2B2646DC27D73F190096D528 /* map_pin.png in Resources */ = {isa = PBXBuildFile; fileRef = 2B2646C027D73F190096D528 /* map_pin.png */; };
		2B2646DD27D73F190096D528 /* map_present.png in Resources */ = {isa = PBXBuildFile; fileRef = 2B2646C127D73F190096D528 /* map_present.png */; };
		2B2646DE27D73F190096D528 /* noimage.png in Resources */ = {isa = PBXBuildFile; fileRef = 2B2646C227D73F190096D528 /* noimage.png */; };
		2B2646DF27D73F190096D528 /* map_present_background_update.png in Resources */ = {isa = PBXBuildFile; fileRef = 2B2646C327D73F190096D528 /* map_present_background_update.png */; };
		2B2646E027D73F190096D528 /* daum_th_line.png in Resources */ = {isa = PBXBuildFile; fileRef = 2B2646C427D73F190096D528 /* daum_th_line.png */; };
		2B2646E127D73F190096D528 /* map_pin_shadow.png in Resources */ = {isa = PBXBuildFile; fileRef = 2B2646C527D73F190096D528 /* map_pin_shadow.png */; };
		2B2646E227D73F190096D528 /* DaumMap.framework in Frameworks */ = {isa = PBXBuildFile; fileRef = 2B2646C627D73F190096D528 /* DaumMap.framework */; };
		2B2646E427D73F8B0096D528 /* libxml2.tbd in Frameworks */ = {isa = PBXBuildFile; fileRef = 2B2646E327D73F8B0096D528 /* libxml2.tbd */; };
		2B2646E627D73F9A0096D528 /* libsqlite3.tbd in Frameworks */ = {isa = PBXBuildFile; fileRef = 2B2646E527D73F990096D528 /* libsqlite3.tbd */; };
		2B2646E827D740890096D528 /* LocationData.swift in Sources */ = {isa = PBXBuildFile; fileRef = 2B2646E727D740890096D528 /* LocationData.swift */; };
		2B2646EB27D740D00096D528 /* KLDocument.swift in Sources */ = {isa = PBXBuildFile; fileRef = 2B2646EA27D740D00096D528 /* KLDocument.swift */; };
		2B2646ED27D741D80096D528 /* DetailListCellData.swift in Sources */ = {isa = PBXBuildFile; fileRef = 2B2646EC27D741D80096D528 /* DetailListCellData.swift */; };
		2B2646F027D742760096D528 /* LocationInformationViewController.swift in Sources */ = {isa = PBXBuildFile; fileRef = 2B2646EF27D742760096D528 /* LocationInformationViewController.swift */; };
		2B2646F227D742B30096D528 /* LocationInformationViewModel.swift in Sources */ = {isa = PBXBuildFile; fileRef = 2B2646F127D742B30096D528 /* LocationInformationViewModel.swift */; };
		2B2646F527D7437C0096D528 /* RxSwift in Frameworks */ = {isa = PBXBuildFile; productRef = 2B2646F427D7437C0096D528 /* RxSwift */; };
		2B2646F727D7437C0096D528 /* RxTest in Frameworks */ = {isa = PBXBuildFile; productRef = 2B2646F627D7437C0096D528 /* RxTest */; };
		2B2646F927D7437C0096D528 /* RxRelay in Frameworks */ = {isa = PBXBuildFile; productRef = 2B2646F827D7437C0096D528 /* RxRelay */; };
		2B2646FB27D7437C0096D528 /* RxCocoa in Frameworks */ = {isa = PBXBuildFile; productRef = 2B2646FA27D7437C0096D528 /* RxCocoa */; };
		2B2646FE27D7439A0096D528 /* SnapKit in Frameworks */ = {isa = PBXBuildFile; productRef = 2B2646FD27D7439A0096D528 /* SnapKit */; };
		2B26470027D752510096D528 /* MTMapViewError.swift in Sources */ = {isa = PBXBuildFile; fileRef = 2B2646FF27D752510096D528 /* MTMapViewError.swift */; };
		2B26470227D999D30096D528 /* DetailListCell.swift in Sources */ = {isa = PBXBuildFile; fileRef = 2B26470127D999D30096D528 /* DetailListCell.swift */; };
		2B26470427D99BE80096D528 /* DetailListBackgroundView.swift in Sources */ = {isa = PBXBuildFile; fileRef = 2B26470327D99BE80096D528 /* DetailListBackgroundView.swift */; };
		2B26470627D99BF10096D528 /* DetailListBackgroundViewModel.swift in Sources */ = {isa = PBXBuildFile; fileRef = 2B26470527D99BF10096D528 /* DetailListBackgroundViewModel.swift */; };
		2B92C20D27E8768B002E8BA9 /* LocalAPI.swift in Sources */ = {isa = PBXBuildFile; fileRef = 2B92C20C27E8768B002E8BA9 /* LocalAPI.swift */; };
		2B92C20F27E8779E002E8BA9 /* LocalNetwork.swift in Sources */ = {isa = PBXBuildFile; fileRef = 2B92C20E27E8779E002E8BA9 /* LocalNetwork.swift */; };
		2B92C21127E8793D002E8BA9 /* LocationInformationModel.swift in Sources */ = {isa = PBXBuildFile; fileRef = 2B92C21027E8793D002E8BA9 /* LocationInformationModel.swift */; };
/* End PBXBuildFile section */

/* Begin PBXFileReference section */
		2B26465227D7380E0096D528 /* FindConvenientStore.app */ = {isa = PBXFileReference; explicitFileType = wrapper.application; includeInIndex = 0; path = FindConvenientStore.app; sourceTree = BUILT_PRODUCTS_DIR; };
		2B26465527D7380E0096D528 /* AppDelegate.swift */ = {isa = PBXFileReference; lastKnownFileType = sourcecode.swift; path = AppDelegate.swift; sourceTree = "<group>"; };
		2B26465727D7380E0096D528 /* SceneDelegate.swift */ = {isa = PBXFileReference; lastKnownFileType = sourcecode.swift; path = SceneDelegate.swift; sourceTree = "<group>"; };
		2B26465E27D738120096D528 /* Assets.xcassets */ = {isa = PBXFileReference; lastKnownFileType = folder.assetcatalog; path = Assets.xcassets; sourceTree = "<group>"; };
		2B26466127D738120096D528 /* Base */ = {isa = PBXFileReference; lastKnownFileType = file.storyboard; name = Base; path = Base.lproj/LaunchScreen.storyboard; sourceTree = "<group>"; };
		2B26466327D738120096D528 /* Info.plist */ = {isa = PBXFileReference; lastKnownFileType = text.plist.xml; path = Info.plist; sourceTree = "<group>"; };
		2B26469227D73DB50096D528 /* BridgingHeader.h */ = {isa = PBXFileReference; lastKnownFileType = sourcecode.c.h; name = BridgingHeader.h; path = ../BridgingHeader.h; sourceTree = "<group>"; };
		2B26469327D73E1B0096D528 /* OpenGLES.framework */ = {isa = PBXFileReference; lastKnownFileType = wrapper.framework; name = OpenGLES.framework; path = System/Library/Frameworks/OpenGLES.framework; sourceTree = SDKROOT; };
		2B26469527D73E230096D528 /* SystemConfiguration.framework */ = {isa = PBXFileReference; lastKnownFileType = wrapper.framework; name = SystemConfiguration.framework; path = System/Library/Frameworks/SystemConfiguration.framework; sourceTree = SDKROOT; };
		2B26469727D73E3F0096D528 /* libc++.tbd */ = {isa = PBXFileReference; lastKnownFileType = "sourcecode.text-based-dylib-definition"; name = "libc++.tbd"; path = "usr/lib/libc++.tbd"; sourceTree = SDKROOT; };
		2B26469927D73E470096D528 /* QuartzCore.framework */ = {isa = PBXFileReference; lastKnownFileType = wrapper.framework; name = QuartzCore.framework; path = System/Library/Frameworks/QuartzCore.framework; sourceTree = SDKROOT; };
		2B26469B27D73E5E0096D528 /* CoreLocation.framework */ = {isa = PBXFileReference; lastKnownFileType = wrapper.framework; name = CoreLocation.framework; path = System/Library/Frameworks/CoreLocation.framework; sourceTree = SDKROOT; };
		2B2646A227D73F190096D528 /* map_pinup_custom@3x.png */ = {isa = PBXFileReference; lastKnownFileType = image.png; path = "map_pinup_custom@3x.png"; sourceTree = "<group>"; };
		2B2646A327D73F190096D528 /* map_pin_custom.png */ = {isa = PBXFileReference; lastKnownFileType = image.png; path = map_pin_custom.png; sourceTree = "<group>"; };
		2B2646A427D73F190096D528 /* shadow_balloon.png */ = {isa = PBXFileReference; lastKnownFileType = image.png; path = shadow_balloon.png; sourceTree = "<group>"; };
		2B2646A527D73F190096D528 /* map_pinup.png */ = {isa = PBXFileReference; lastKnownFileType = image.png; path = map_pinup.png; sourceTree = "<group>"; };
		2B2646A627D73F190096D528 /* detail_button.png */ = {isa = PBXFileReference; lastKnownFileType = image.png; path = detail_button.png; sourceTree = "<group>"; };
		2B2646A727D73F190096D528 /* map_pin_custom@3x.png */ = {isa = PBXFileReference; lastKnownFileType = image.png; path = "map_pin_custom@3x.png"; sourceTree = "<group>"; };
		2B2646A827D73F190096D528 /* map_pinup@3x.png */ = {isa = PBXFileReference; lastKnownFileType = image.png; path = "map_pinup@3x.png"; sourceTree = "<group>"; };
		2B2646A927D73F190096D528 /* map_pin_shadow@3x.png */ = {isa = PBXFileReference; lastKnownFileType = image.png; path = "map_pin_shadow@3x.png"; sourceTree = "<group>"; };
		2B2646AA27D73F190096D528 /* copyright.png */ = {isa = PBXFileReference; lastKnownFileType = image.png; path = copyright.png; sourceTree = "<group>"; };
		2B2646AB27D73F190096D528 /* th_line.png */ = {isa = PBXFileReference; lastKnownFileType = image.png; path = th_line.png; sourceTree = "<group>"; };
		2B2646AC27D73F190096D528 /* map_pin_red@3x.png */ = {isa = PBXFileReference; lastKnownFileType = image.png; path = "map_pin_red@3x.png"; sourceTree = "<group>"; };
		2B2646AD27D73F190096D528 /* daum_copyright.png */ = {isa = PBXFileReference; lastKnownFileType = image.png; path = daum_copyright.png; sourceTree = "<group>"; };
		2B2646AE27D73F190096D528 /* map_pin@3x.png */ = {isa = PBXFileReference; lastKnownFileType = image.png; path = "map_pin@3x.png"; sourceTree = "<group>"; };
		2B2646AF27D73F190096D528 /* map_present_tracking.png */ = {isa = PBXFileReference; lastKnownFileType = image.png; path = map_present_tracking.png; sourceTree = "<group>"; };
		2B2646B027D73F190096D528 /* map_pin_red.png */ = {isa = PBXFileReference; lastKnownFileType = image.png; path = map_pin_red.png; sourceTree = "<group>"; };
		2B2646B227D73F190096D528 /* MTMapPOIItem.h */ = {isa = PBXFileReference; fileEncoding = 4; lastKnownFileType = sourcecode.c.h; path = MTMapPOIItem.h; sourceTree = "<group>"; };
		2B2646B327D73F190096D528 /* MTMapCameraUpdate.h */ = {isa = PBXFileReference; fileEncoding = 4; lastKnownFileType = sourcecode.c.h; path = MTMapCameraUpdate.h; sourceTree = "<group>"; };
		2B2646B427D73F190096D528 /* MTMapReverseGeoCoder.h */ = {isa = PBXFileReference; fileEncoding = 4; lastKnownFileType = sourcecode.c.h; path = MTMapReverseGeoCoder.h; sourceTree = "<group>"; };
		2B2646B527D73F190096D528 /* MTMapPolyline.h */ = {isa = PBXFileReference; fileEncoding = 4; lastKnownFileType = sourcecode.c.h; path = MTMapPolyline.h; sourceTree = "<group>"; };
		2B2646B627D73F190096D528 /* MTMapLocationMarkerItem.h */ = {isa = PBXFileReference; fileEncoding = 4; lastKnownFileType = sourcecode.c.h; path = MTMapLocationMarkerItem.h; sourceTree = "<group>"; };
		2B2646B727D73F190096D528 /* MTMapView.h */ = {isa = PBXFileReference; fileEncoding = 4; lastKnownFileType = sourcecode.c.h; path = MTMapView.h; sourceTree = "<group>"; };
		2B2646B827D73F190096D528 /* MTMapGeometry.h */ = {isa = PBXFileReference; fileEncoding = 4; lastKnownFileType = sourcecode.c.h; path = MTMapGeometry.h; sourceTree = "<group>"; };
		2B2646B927D73F190096D528 /* MTMapCircle.h */ = {isa = PBXFileReference; fileEncoding = 4; lastKnownFileType = sourcecode.c.h; path = MTMapCircle.h; sourceTree = "<group>"; };
		2B2646BA27D73F190096D528 /* info_box.png */ = {isa = PBXFileReference; lastKnownFileType = image.png; path = info_box.png; sourceTree = "<group>"; };
		2B2646BB27D73F190096D528 /* point_sprite.png */ = {isa = PBXFileReference; lastKnownFileType = image.png; path = point_sprite.png; sourceTree = "<group>"; };
		2B2646BC27D73F190096D528 /* map_pinup_custom.png */ = {isa = PBXFileReference; lastKnownFileType = image.png; path = map_pinup_custom.png; sourceTree = "<group>"; };
		2B2646BD27D73F190096D528 /* info_box_tail.png */ = {isa = PBXFileReference; lastKnownFileType = image.png; path = info_box_tail.png; sourceTree = "<group>"; };
		2B2646BE27D73F190096D528 /* noimage256.png */ = {isa = PBXFileReference; lastKnownFileType = image.png; path = noimage256.png; sourceTree = "<group>"; };
		2B2646BF27D73F190096D528 /* map_present_direction.png */ = {isa = PBXFileReference; lastKnownFileType = image.png; path = map_present_direction.png; sourceTree = "<group>"; };
		2B2646C027D73F190096D528 /* map_pin.png */ = {isa = PBXFileReference; lastKnownFileType = image.png; path = map_pin.png; sourceTree = "<group>"; };
		2B2646C127D73F190096D528 /* map_present.png */ = {isa = PBXFileReference; lastKnownFileType = image.png; path = map_present.png; sourceTree = "<group>"; };
		2B2646C227D73F190096D528 /* noimage.png */ = {isa = PBXFileReference; lastKnownFileType = image.png; path = noimage.png; sourceTree = "<group>"; };
		2B2646C327D73F190096D528 /* map_present_background_update.png */ = {isa = PBXFileReference; lastKnownFileType = image.png; path = map_present_background_update.png; sourceTree = "<group>"; };
		2B2646C427D73F190096D528 /* daum_th_line.png */ = {isa = PBXFileReference; lastKnownFileType = image.png; path = daum_th_line.png; sourceTree = "<group>"; };
		2B2646C527D73F190096D528 /* map_pin_shadow.png */ = {isa = PBXFileReference; lastKnownFileType = image.png; path = map_pin_shadow.png; sourceTree = "<group>"; };
		2B2646C627D73F190096D528 /* DaumMap.framework */ = {isa = PBXFileReference; lastKnownFileType = wrapper.framework; path = DaumMap.framework; sourceTree = "<group>"; };
		2B2646E327D73F8B0096D528 /* libxml2.tbd */ = {isa = PBXFileReference; lastKnownFileType = "sourcecode.text-based-dylib-definition"; name = libxml2.tbd; path = usr/lib/libxml2.tbd; sourceTree = SDKROOT; };
		2B2646E527D73F990096D528 /* libsqlite3.tbd */ = {isa = PBXFileReference; lastKnownFileType = "sourcecode.text-based-dylib-definition"; name = libsqlite3.tbd; path = usr/lib/libsqlite3.tbd; sourceTree = SDKROOT; };
		2B2646E727D740890096D528 /* LocationData.swift */ = {isa = PBXFileReference; lastKnownFileType = sourcecode.swift; path = LocationData.swift; sourceTree = "<group>"; };
		2B2646EA27D740D00096D528 /* KLDocument.swift */ = {isa = PBXFileReference; lastKnownFileType = sourcecode.swift; path = KLDocument.swift; sourceTree = "<group>"; };
		2B2646EC27D741D80096D528 /* DetailListCellData.swift */ = {isa = PBXFileReference; lastKnownFileType = sourcecode.swift; path = DetailListCellData.swift; sourceTree = "<group>"; };
		2B2646EF27D742760096D528 /* LocationInformationViewController.swift */ = {isa = PBXFileReference; lastKnownFileType = sourcecode.swift; path = LocationInformationViewController.swift; sourceTree = "<group>"; };
		2B2646F127D742B30096D528 /* LocationInformationViewModel.swift */ = {isa = PBXFileReference; lastKnownFileType = sourcecode.swift; path = LocationInformationViewModel.swift; sourceTree = "<group>"; };
		2B2646FF27D752510096D528 /* MTMapViewError.swift */ = {isa = PBXFileReference; lastKnownFileType = sourcecode.swift; path = MTMapViewError.swift; sourceTree = "<group>"; };
		2B26470127D999D30096D528 /* DetailListCell.swift */ = {isa = PBXFileReference; lastKnownFileType = sourcecode.swift; path = DetailListCell.swift; sourceTree = "<group>"; };
		2B26470327D99BE80096D528 /* DetailListBackgroundView.swift */ = {isa = PBXFileReference; lastKnownFileType = sourcecode.swift; path = DetailListBackgroundView.swift; sourceTree = "<group>"; };
		2B26470527D99BF10096D528 /* DetailListBackgroundViewModel.swift */ = {isa = PBXFileReference; lastKnownFileType = sourcecode.swift; path = DetailListBackgroundViewModel.swift; sourceTree = "<group>"; };
		2B92C20C27E8768B002E8BA9 /* LocalAPI.swift */ = {isa = PBXFileReference; lastKnownFileType = sourcecode.swift; path = LocalAPI.swift; sourceTree = "<group>"; };
		2B92C20E27E8779E002E8BA9 /* LocalNetwork.swift */ = {isa = PBXFileReference; lastKnownFileType = sourcecode.swift; path = LocalNetwork.swift; sourceTree = "<group>"; };
		2B92C21027E8793D002E8BA9 /* LocationInformationModel.swift */ = {isa = PBXFileReference; lastKnownFileType = sourcecode.swift; path = LocationInformationModel.swift; sourceTree = "<group>"; };
/* End PBXFileReference section */

/* Begin PBXFrameworksBuildPhase section */
		2B26464F27D7380E0096D528 /* Frameworks */ = {
			isa = PBXFrameworksBuildPhase;
			buildActionMask = 2147483647;
			files = (
				2B2646F727D7437C0096D528 /* RxTest in Frameworks */,
				2B2646F527D7437C0096D528 /* RxSwift in Frameworks */,
				2B2646FE27D7439A0096D528 /* SnapKit in Frameworks */,
				2B2646E627D73F9A0096D528 /* libsqlite3.tbd in Frameworks */,
				2B2646E427D73F8B0096D528 /* libxml2.tbd in Frameworks */,
				2B26469C27D73E5E0096D528 /* CoreLocation.framework in Frameworks */,
				2B26469A27D73E470096D528 /* QuartzCore.framework in Frameworks */,
				2B2646FB27D7437C0096D528 /* RxCocoa in Frameworks */,
				2B26469827D73E3F0096D528 /* libc++.tbd in Frameworks */,
				2B26469627D73E230096D528 /* SystemConfiguration.framework in Frameworks */,
				2B2646E227D73F190096D528 /* DaumMap.framework in Frameworks */,
				2B26469427D73E1B0096D528 /* OpenGLES.framework in Frameworks */,
				2B2646F927D7437C0096D528 /* RxRelay in Frameworks */,
			);
			runOnlyForDeploymentPostprocessing = 0;
		};
/* End PBXFrameworksBuildPhase section */

/* Begin PBXGroup section */
		2B26464927D7380E0096D528 = {
			isa = PBXGroup;
			children = (
				2B26465427D7380E0096D528 /* FindConvenientStore */,
				2B26465327D7380E0096D528 /* Products */,
				2B26466A27D73D580096D528 /* Frameworks */,
			);
			sourceTree = "<group>";
		};
		2B26465327D7380E0096D528 /* Products */ = {
			isa = PBXGroup;
			children = (
				2B26465227D7380E0096D528 /* FindConvenientStore.app */,
			);
			name = Products;
			sourceTree = "<group>";
		};
		2B26465427D7380E0096D528 /* FindConvenientStore */ = {
			isa = PBXGroup;
			children = (
				2B26469227D73DB50096D528 /* BridgingHeader.h */,
				2B26465527D7380E0096D528 /* AppDelegate.swift */,
				2B26465727D7380E0096D528 /* SceneDelegate.swift */,
				2B92C20B27E87676002E8BA9 /* Network */,
				2B2646EE27D742580096D528 /* Presentation */,
				2B2646E927D740920096D528 /* Entities */,
				2B26465E27D738120096D528 /* Assets.xcassets */,
				2B26466027D738120096D528 /* LaunchScreen.storyboard */,
				2B26466327D738120096D528 /* Info.plist */,
			);
			path = FindConvenientStore;
			sourceTree = "<group>";
		};
		2B26466A27D73D580096D528 /* Frameworks */ = {
			isa = PBXGroup;
			children = (
				2B2646E527D73F990096D528 /* libsqlite3.tbd */,
				2B2646E327D73F8B0096D528 /* libxml2.tbd */,
				2B2646A027D73F190096D528 /* DaumMap.embeddedframework */,
				2B26469B27D73E5E0096D528 /* CoreLocation.framework */,
				2B26469927D73E470096D528 /* QuartzCore.framework */,
				2B26469727D73E3F0096D528 /* libc++.tbd */,
				2B26469527D73E230096D528 /* SystemConfiguration.framework */,
				2B26469327D73E1B0096D528 /* OpenGLES.framework */,
			);
			name = Frameworks;
			sourceTree = "<group>";
		};
		2B2646A027D73F190096D528 /* DaumMap.embeddedframework */ = {
			isa = PBXGroup;
			children = (
				2B2646A127D73F190096D528 /* Resources */,
				2B2646C627D73F190096D528 /* DaumMap.framework */,
			);
			path = DaumMap.embeddedframework;
			sourceTree = "<group>";
		};
		2B2646A127D73F190096D528 /* Resources */ = {
			isa = PBXGroup;
			children = (
				2B2646A227D73F190096D528 /* map_pinup_custom@3x.png */,
				2B2646A327D73F190096D528 /* map_pin_custom.png */,
				2B2646A427D73F190096D528 /* shadow_balloon.png */,
				2B2646A527D73F190096D528 /* map_pinup.png */,
				2B2646A627D73F190096D528 /* detail_button.png */,
				2B2646A727D73F190096D528 /* map_pin_custom@3x.png */,
				2B2646A827D73F190096D528 /* map_pinup@3x.png */,
				2B2646A927D73F190096D528 /* map_pin_shadow@3x.png */,
				2B2646AA27D73F190096D528 /* copyright.png */,
				2B2646AB27D73F190096D528 /* th_line.png */,
				2B2646AC27D73F190096D528 /* map_pin_red@3x.png */,
				2B2646AD27D73F190096D528 /* daum_copyright.png */,
				2B2646AE27D73F190096D528 /* map_pin@3x.png */,
				2B2646AF27D73F190096D528 /* map_present_tracking.png */,
				2B2646B027D73F190096D528 /* map_pin_red.png */,
				2B2646B127D73F190096D528 /* Headers */,
				2B2646BA27D73F190096D528 /* info_box.png */,
				2B2646BB27D73F190096D528 /* point_sprite.png */,
				2B2646BC27D73F190096D528 /* map_pinup_custom.png */,
				2B2646BD27D73F190096D528 /* info_box_tail.png */,
				2B2646BE27D73F190096D528 /* noimage256.png */,
				2B2646BF27D73F190096D528 /* map_present_direction.png */,
				2B2646C027D73F190096D528 /* map_pin.png */,
				2B2646C127D73F190096D528 /* map_present.png */,
				2B2646C227D73F190096D528 /* noimage.png */,
				2B2646C327D73F190096D528 /* map_present_background_update.png */,
				2B2646C427D73F190096D528 /* daum_th_line.png */,
				2B2646C527D73F190096D528 /* map_pin_shadow.png */,
			);
			path = Resources;
			sourceTree = "<group>";
		};
		2B2646B127D73F190096D528 /* Headers */ = {
			isa = PBXGroup;
			children = (
				2B2646B227D73F190096D528 /* MTMapPOIItem.h */,
				2B2646B327D73F190096D528 /* MTMapCameraUpdate.h */,
				2B2646B427D73F190096D528 /* MTMapReverseGeoCoder.h */,
				2B2646B527D73F190096D528 /* MTMapPolyline.h */,
				2B2646B627D73F190096D528 /* MTMapLocationMarkerItem.h */,
				2B2646B727D73F190096D528 /* MTMapView.h */,
				2B2646B827D73F190096D528 /* MTMapGeometry.h */,
				2B2646B927D73F190096D528 /* MTMapCircle.h */,
			);
			path = Headers;
			sourceTree = "<group>";
		};
		2B2646E927D740920096D528 /* Entities */ = {
			isa = PBXGroup;
			children = (
				2B2646E727D740890096D528 /* LocationData.swift */,
				2B2646EA27D740D00096D528 /* KLDocument.swift */,
				2B2646EC27D741D80096D528 /* DetailListCellData.swift */,
				2B2646FF27D752510096D528 /* MTMapViewError.swift */,
			);
			path = Entities;
			sourceTree = "<group>";
		};
		2B2646EE27D742580096D528 /* Presentation */ = {
			isa = PBXGroup;
			children = (
				2B92C21227E87942002E8BA9 /* LocationInfo */,
				2B26470127D999D30096D528 /* DetailListCell.swift */,
				2B26470327D99BE80096D528 /* DetailListBackgroundView.swift */,
				2B26470527D99BF10096D528 /* DetailListBackgroundViewModel.swift */,
			);
			path = Presentation;
			sourceTree = "<group>";
		};
		2B92C20B27E87676002E8BA9 /* Network */ = {
			isa = PBXGroup;
			children = (
				2B92C20C27E8768B002E8BA9 /* LocalAPI.swift */,
				2B92C20E27E8779E002E8BA9 /* LocalNetwork.swift */,
			);
			path = Network;
			sourceTree = "<group>";
		};
		2B92C21227E87942002E8BA9 /* LocationInfo */ = {
			isa = PBXGroup;
			children = (
				2B2646EF27D742760096D528 /* LocationInformationViewController.swift */,
				2B92C21027E8793D002E8BA9 /* LocationInformationModel.swift */,
				2B2646F127D742B30096D528 /* LocationInformationViewModel.swift */,
			);
			path = LocationInfo;
			sourceTree = "<group>";
		};
/* End PBXGroup section */

/* Begin PBXNativeTarget section */
		2B26465127D7380E0096D528 /* FindConvenientStore */ = {
			isa = PBXNativeTarget;
			buildConfigurationList = 2B26466627D738120096D528 /* Build configuration list for PBXNativeTarget "FindConvenientStore" */;
			buildPhases = (
				2B26464E27D7380E0096D528 /* Sources */,
				2B26464F27D7380E0096D528 /* Frameworks */,
				2B26465027D7380E0096D528 /* Resources */,
			);
			buildRules = (
			);
			dependencies = (
			);
			name = FindConvenientStore;
			packageProductDependencies = (
				2B2646F427D7437C0096D528 /* RxSwift */,
				2B2646F627D7437C0096D528 /* RxTest */,
				2B2646F827D7437C0096D528 /* RxRelay */,
				2B2646FA27D7437C0096D528 /* RxCocoa */,
				2B2646FD27D7439A0096D528 /* SnapKit */,
			);
			productName = FindConvenientStore;
			productReference = 2B26465227D7380E0096D528 /* FindConvenientStore.app */;
			productType = "com.apple.product-type.application";
		};
/* End PBXNativeTarget section */

/* Begin PBXProject section */
		2B26464A27D7380E0096D528 /* Project object */ = {
			isa = PBXProject;
			attributes = {
				LastSwiftUpdateCheck = 1250;
				LastUpgradeCheck = 1250;
				TargetAttributes = {
					2B26465127D7380E0096D528 = {
						CreatedOnToolsVersion = 12.5.1;
					};
				};
			};
			buildConfigurationList = 2B26464D27D7380E0096D528 /* Build configuration list for PBXProject "FindConvenientStore" */;
			compatibilityVersion = "Xcode 9.3";
			developmentRegion = en;
			hasScannedForEncodings = 0;
			knownRegions = (
				en,
				Base,
			);
			mainGroup = 2B26464927D7380E0096D528;
			packageReferences = (
				2B2646F327D7437C0096D528 /* XCRemoteSwiftPackageReference "rxswift" */,
				2B2646FC27D7439A0096D528 /* XCRemoteSwiftPackageReference "snapkit" */,
			);
			productRefGroup = 2B26465327D7380E0096D528 /* Products */;
			projectDirPath = "";
			projectRoot = "";
			targets = (
				2B26465127D7380E0096D528 /* FindConvenientStore */,
			);
		};
/* End PBXProject section */

/* Begin PBXResourcesBuildPhase section */
		2B26465027D7380E0096D528 /* Resources */ = {
			isa = PBXResourcesBuildPhase;
			buildActionMask = 2147483647;
			files = (
				2B2646DD27D73F190096D528 /* map_present.png in Resources */,
				2B2646D327D73F190096D528 /* map_pin@3x.png in Resources */,
				2B2646D127D73F190096D528 /* map_pin_red@3x.png in Resources */,
				2B2646DC27D73F190096D528 /* map_pin.png in Resources */,
				2B2646D527D73F190096D528 /* map_pin_red.png in Resources */,
				2B2646C727D73F190096D528 /* map_pinup_custom@3x.png in Resources */,
				2B2646CF27D73F190096D528 /* copyright.png in Resources */,
				2B2646CE27D73F190096D528 /* map_pin_shadow@3x.png in Resources */,
				2B26466227D738120096D528 /* LaunchScreen.storyboard in Resources */,
				2B2646D227D73F190096D528 /* daum_copyright.png in Resources */,
				2B2646D627D73F190096D528 /* info_box.png in Resources */,
				2B2646CC27D73F190096D528 /* map_pin_custom@3x.png in Resources */,
				2B2646E127D73F190096D528 /* map_pin_shadow.png in Resources */,
				2B2646D427D73F190096D528 /* map_present_tracking.png in Resources */,
				2B2646CB27D73F190096D528 /* detail_button.png in Resources */,
				2B2646DE27D73F190096D528 /* noimage.png in Resources */,
				2B2646D027D73F190096D528 /* th_line.png in Resources */,
				2B2646D927D73F190096D528 /* info_box_tail.png in Resources */,
				2B2646C827D73F190096D528 /* map_pin_custom.png in Resources */,
				2B2646D827D73F190096D528 /* map_pinup_custom.png in Resources */,
				2B2646CD27D73F190096D528 /* map_pinup@3x.png in Resources */,
				2B2646D727D73F190096D528 /* point_sprite.png in Resources */,
				2B2646DF27D73F190096D528 /* map_present_background_update.png in Resources */,
				2B2646DB27D73F190096D528 /* map_present_direction.png in Resources */,
				2B2646DA27D73F190096D528 /* noimage256.png in Resources */,
				2B2646C927D73F190096D528 /* shadow_balloon.png in Resources */,
				2B26465F27D738120096D528 /* Assets.xcassets in Resources */,
				2B2646E027D73F190096D528 /* daum_th_line.png in Resources */,
				2B2646CA27D73F190096D528 /* map_pinup.png in Resources */,
			);
			runOnlyForDeploymentPostprocessing = 0;
		};
/* End PBXResourcesBuildPhase section */

/* Begin PBXSourcesBuildPhase section */
		2B26464E27D7380E0096D528 /* Sources */ = {
			isa = PBXSourcesBuildPhase;
			buildActionMask = 2147483647;
			files = (
				2B2646E827D740890096D528 /* LocationData.swift in Sources */,
				2B26470427D99BE80096D528 /* DetailListBackgroundView.swift in Sources */,
				2B26470627D99BF10096D528 /* DetailListBackgroundViewModel.swift in Sources */,
				2B2646EB27D740D00096D528 /* KLDocument.swift in Sources */,
				2B92C20F27E8779E002E8BA9 /* LocalNetwork.swift in Sources */,
				2B2646F027D742760096D528 /* LocationInformationViewController.swift in Sources */,
				2B26470027D752510096D528 /* MTMapViewError.swift in Sources */,
				2B92C20D27E8768B002E8BA9 /* LocalAPI.swift in Sources */,
				2B26470227D999D30096D528 /* DetailListCell.swift in Sources */,
				2B26465627D7380E0096D528 /* AppDelegate.swift in Sources */,
				2B2646ED27D741D80096D528 /* DetailListCellData.swift in Sources */,
				2B92C21127E8793D002E8BA9 /* LocationInformationModel.swift in Sources */,
				2B26465827D7380E0096D528 /* SceneDelegate.swift in Sources */,
				2B2646F227D742B30096D528 /* LocationInformationViewModel.swift in Sources */,
			);
			runOnlyForDeploymentPostprocessing = 0;
		};
/* End PBXSourcesBuildPhase section */

/* Begin PBXVariantGroup section */
		2B26466027D738120096D528 /* LaunchScreen.storyboard */ = {
			isa = PBXVariantGroup;
			children = (
				2B26466127D738120096D528 /* Base */,
			);
			name = LaunchScreen.storyboard;
			sourceTree = "<group>";
		};
/* End PBXVariantGroup section */

/* Begin XCBuildConfiguration section */
		2B26466427D738120096D528 /* Debug */ = {
			isa = XCBuildConfiguration;
			buildSettings = {
				ALWAYS_SEARCH_USER_PATHS = NO;
				CLANG_ANALYZER_NONNULL = YES;
				CLANG_ANALYZER_NUMBER_OBJECT_CONVERSION = YES_AGGRESSIVE;
				CLANG_CXX_LANGUAGE_STANDARD = "gnu++14";
				CLANG_CXX_LIBRARY = "libc++";
				CLANG_ENABLE_MODULES = YES;
				CLANG_ENABLE_OBJC_ARC = NO;
				CLANG_ENABLE_OBJC_WEAK = YES;
				CLANG_WARN_BLOCK_CAPTURE_AUTORELEASING = YES;
				CLANG_WARN_BOOL_CONVERSION = YES;
				CLANG_WARN_COMMA = YES;
				CLANG_WARN_CONSTANT_CONVERSION = YES;
				CLANG_WARN_DEPRECATED_OBJC_IMPLEMENTATIONS = YES;
				CLANG_WARN_DIRECT_OBJC_ISA_USAGE = YES_ERROR;
				CLANG_WARN_DOCUMENTATION_COMMENTS = YES;
				CLANG_WARN_EMPTY_BODY = YES;
				CLANG_WARN_ENUM_CONVERSION = YES;
				CLANG_WARN_INFINITE_RECURSION = YES;
				CLANG_WARN_INT_CONVERSION = YES;
				CLANG_WARN_NON_LITERAL_NULL_CONVERSION = YES;
				CLANG_WARN_OBJC_IMPLICIT_RETAIN_SELF = YES;
				CLANG_WARN_OBJC_LITERAL_CONVERSION = YES;
				CLANG_WARN_OBJC_ROOT_CLASS = YES_ERROR;
				CLANG_WARN_QUOTED_INCLUDE_IN_FRAMEWORK_HEADER = YES;
				CLANG_WARN_RANGE_LOOP_ANALYSIS = YES;
				CLANG_WARN_STRICT_PROTOTYPES = YES;
				CLANG_WARN_SUSPICIOUS_MOVE = YES;
				CLANG_WARN_UNGUARDED_AVAILABILITY = YES_AGGRESSIVE;
				CLANG_WARN_UNREACHABLE_CODE = YES;
				CLANG_WARN__DUPLICATE_METHOD_MATCH = YES;
				COPY_PHASE_STRIP = NO;
				DEBUG_INFORMATION_FORMAT = dwarf;
				ENABLE_STRICT_OBJC_MSGSEND = YES;
				ENABLE_TESTABILITY = YES;
				GCC_C_LANGUAGE_STANDARD = gnu11;
				GCC_DYNAMIC_NO_PIC = NO;
				GCC_NO_COMMON_BLOCKS = YES;
				GCC_OPTIMIZATION_LEVEL = 0;
				GCC_PREPROCESSOR_DEFINITIONS = (
					"DEBUG=1",
					"$(inherited)",
				);
				GCC_WARN_64_TO_32_BIT_CONVERSION = YES;
				GCC_WARN_ABOUT_RETURN_TYPE = YES_ERROR;
				GCC_WARN_UNDECLARED_SELECTOR = YES;
				GCC_WARN_UNINITIALIZED_AUTOS = YES_AGGRESSIVE;
				GCC_WARN_UNUSED_FUNCTION = YES;
				GCC_WARN_UNUSED_VARIABLE = YES;
				IPHONEOS_DEPLOYMENT_TARGET = 14.5;
				MTL_ENABLE_DEBUG_INFO = INCLUDE_SOURCE;
				MTL_FAST_MATH = YES;
				ONLY_ACTIVE_ARCH = YES;
				SDKROOT = iphoneos;
				SWIFT_ACTIVE_COMPILATION_CONDITIONS = DEBUG;
				SWIFT_OBJC_BRIDGING_HEADER = /Users/jsy/Desktop/projects_iOS/FindConvenientStore/BridgingHeader.h;
				SWIFT_OPTIMIZATION_LEVEL = "-Onone";
			};
			name = Debug;
		};
		2B26466527D738120096D528 /* Release */ = {
			isa = XCBuildConfiguration;
			buildSettings = {
				ALWAYS_SEARCH_USER_PATHS = NO;
				CLANG_ANALYZER_NONNULL = YES;
				CLANG_ANALYZER_NUMBER_OBJECT_CONVERSION = YES_AGGRESSIVE;
				CLANG_CXX_LANGUAGE_STANDARD = "gnu++14";
				CLANG_CXX_LIBRARY = "libc++";
				CLANG_ENABLE_MODULES = YES;
				CLANG_ENABLE_OBJC_ARC = NO;
				CLANG_ENABLE_OBJC_WEAK = YES;
				CLANG_WARN_BLOCK_CAPTURE_AUTORELEASING = YES;
				CLANG_WARN_BOOL_CONVERSION = YES;
				CLANG_WARN_COMMA = YES;
				CLANG_WARN_CONSTANT_CONVERSION = YES;
				CLANG_WARN_DEPRECATED_OBJC_IMPLEMENTATIONS = YES;
				CLANG_WARN_DIRECT_OBJC_ISA_USAGE = YES_ERROR;
				CLANG_WARN_DOCUMENTATION_COMMENTS = YES;
				CLANG_WARN_EMPTY_BODY = YES;
				CLANG_WARN_ENUM_CONVERSION = YES;
				CLANG_WARN_INFINITE_RECURSION = YES;
				CLANG_WARN_INT_CONVERSION = YES;
				CLANG_WARN_NON_LITERAL_NULL_CONVERSION = YES;
				CLANG_WARN_OBJC_IMPLICIT_RETAIN_SELF = YES;
				CLANG_WARN_OBJC_LITERAL_CONVERSION = YES;
				CLANG_WARN_OBJC_ROOT_CLASS = YES_ERROR;
				CLANG_WARN_QUOTED_INCLUDE_IN_FRAMEWORK_HEADER = YES;
				CLANG_WARN_RANGE_LOOP_ANALYSIS = YES;
				CLANG_WARN_STRICT_PROTOTYPES = YES;
				CLANG_WARN_SUSPICIOUS_MOVE = YES;
				CLANG_WARN_UNGUARDED_AVAILABILITY = YES_AGGRESSIVE;
				CLANG_WARN_UNREACHABLE_CODE = YES;
				CLANG_WARN__DUPLICATE_METHOD_MATCH = YES;
				COPY_PHASE_STRIP = NO;
				DEBUG_INFORMATION_FORMAT = "dwarf-with-dsym";
				ENABLE_NS_ASSERTIONS = NO;
				ENABLE_STRICT_OBJC_MSGSEND = YES;
				GCC_C_LANGUAGE_STANDARD = gnu11;
				GCC_NO_COMMON_BLOCKS = YES;
				GCC_WARN_64_TO_32_BIT_CONVERSION = YES;
				GCC_WARN_ABOUT_RETURN_TYPE = YES_ERROR;
				GCC_WARN_UNDECLARED_SELECTOR = YES;
				GCC_WARN_UNINITIALIZED_AUTOS = YES_AGGRESSIVE;
				GCC_WARN_UNUSED_FUNCTION = YES;
				GCC_WARN_UNUSED_VARIABLE = YES;
				IPHONEOS_DEPLOYMENT_TARGET = 14.5;
				MTL_ENABLE_DEBUG_INFO = NO;
				MTL_FAST_MATH = YES;
				SDKROOT = iphoneos;
				SWIFT_COMPILATION_MODE = wholemodule;
				SWIFT_OBJC_BRIDGING_HEADER = /Users/jsy/Desktop/projects_iOS/FindConvenientStore/BridgingHeader.h;
				SWIFT_OPTIMIZATION_LEVEL = "-O";
				VALIDATE_PRODUCT = YES;
			};
			name = Release;
		};
		2B26466727D738120096D528 /* Debug */ = {
			isa = XCBuildConfiguration;
			buildSettings = {
				ASSETCATALOG_COMPILER_APPICON_NAME = AppIcon;
				ASSETCATALOG_COMPILER_GLOBAL_ACCENT_COLOR_NAME = AccentColor;
				CODE_SIGN_STYLE = Automatic;
				DEVELOPMENT_TEAM = 2Q6MH57SWY;
				ENABLE_TESTING_SEARCH_PATHS = YES;
				FRAMEWORK_SEARCH_PATHS = (
					"$(inherited)",
					"$(PROJECT_DIR)/DaumMap.embeddedframework",
				);
				INFOPLIST_FILE = FindConvenientStore/Info.plist;
				LD_RUNPATH_SEARCH_PATHS = (
					"$(inherited)",
					"@executable_path/Frameworks",
				);
				PRODUCT_BUNDLE_IDENTIFIER = com.jsy.FindConvenientStore;
				PRODUCT_NAME = "$(TARGET_NAME)";
				SWIFT_OBJC_BRIDGING_HEADER = ./BridgingHeader.h;
				SWIFT_PRECOMPILE_BRIDGING_HEADER = YES;
				SWIFT_VERSION = 5.0;
				TARGETED_DEVICE_FAMILY = "1,2";
			};
			name = Debug;
		};
		2B26466827D738120096D528 /* Release */ = {
			isa = XCBuildConfiguration;
			buildSettings = {
				ASSETCATALOG_COMPILER_APPICON_NAME = AppIcon;
				ASSETCATALOG_COMPILER_GLOBAL_ACCENT_COLOR_NAME = AccentColor;
				CODE_SIGN_STYLE = Automatic;
				DEVELOPMENT_TEAM = 2Q6MH57SWY;
				ENABLE_TESTING_SEARCH_PATHS = YES;
				FRAMEWORK_SEARCH_PATHS = (
					"$(inherited)",
					"$(PROJECT_DIR)/DaumMap.embeddedframework",
				);
				INFOPLIST_FILE = FindConvenientStore/Info.plist;
				LD_RUNPATH_SEARCH_PATHS = (
					"$(inherited)",
					"@executable_path/Frameworks",
				);
				PRODUCT_BUNDLE_IDENTIFIER = com.jsy.FindConvenientStore;
				PRODUCT_NAME = "$(TARGET_NAME)";
				SWIFT_OBJC_BRIDGING_HEADER = ./BridgingHeader.h;
				SWIFT_PRECOMPILE_BRIDGING_HEADER = YES;
				SWIFT_VERSION = 5.0;
				TARGETED_DEVICE_FAMILY = "1,2";
			};
			name = Release;
		};
/* End XCBuildConfiguration section */

/* Begin XCConfigurationList section */
		2B26464D27D7380E0096D528 /* Build configuration list for PBXProject "FindConvenientStore" */ = {
			isa = XCConfigurationList;
			buildConfigurations = (
				2B26466427D738120096D528 /* Debug */,
				2B26466527D738120096D528 /* Release */,
			);
			defaultConfigurationIsVisible = 0;
			defaultConfigurationName = Release;
		};
		2B26466627D738120096D528 /* Build configuration list for PBXNativeTarget "FindConvenientStore" */ = {
			isa = XCConfigurationList;
			buildConfigurations = (
				2B26466727D738120096D528 /* Debug */,
				2B26466827D738120096D528 /* Release */,
			);
			defaultConfigurationIsVisible = 0;
			defaultConfigurationName = Release;
		};
/* End XCConfigurationList section */

/* Begin XCRemoteSwiftPackageReference section */
		2B2646F327D7437C0096D528 /* XCRemoteSwiftPackageReference "rxswift" */ = {
			isa = XCRemoteSwiftPackageReference;
			repositoryURL = "https://github.com/reactivex/rxswift";
			requirement = {
				kind = upToNextMajorVersion;
				minimumVersion = 6.5.0;
			};
		};
		2B2646FC27D7439A0096D528 /* XCRemoteSwiftPackageReference "snapkit" */ = {
			isa = XCRemoteSwiftPackageReference;
			repositoryURL = "https://github.com/snapkit/snapkit.git";
			requirement = {
				kind = upToNextMajorVersion;
				minimumVersion = 5.0.1;
			};
		};
/* End XCRemoteSwiftPackageReference section */

/* Begin XCSwiftPackageProductDependency section */
		2B2646F427D7437C0096D528 /* RxSwift */ = {
			isa = XCSwiftPackageProductDependency;
			package = 2B2646F327D7437C0096D528 /* XCRemoteSwiftPackageReference "rxswift" */;
			productName = RxSwift;
		};
		2B2646F627D7437C0096D528 /* RxTest */ = {
			isa = XCSwiftPackageProductDependency;
			package = 2B2646F327D7437C0096D528 /* XCRemoteSwiftPackageReference "rxswift" */;
			productName = RxTest;
		};
		2B2646F827D7437C0096D528 /* RxRelay */ = {
			isa = XCSwiftPackageProductDependency;
			package = 2B2646F327D7437C0096D528 /* XCRemoteSwiftPackageReference "rxswift" */;
			productName = RxRelay;
		};
		2B2646FA27D7437C0096D528 /* RxCocoa */ = {
			isa = XCSwiftPackageProductDependency;
			package = 2B2646F327D7437C0096D528 /* XCRemoteSwiftPackageReference "rxswift" */;
			productName = RxCocoa;
		};
		2B2646FD27D7439A0096D528 /* SnapKit */ = {
			isa = XCSwiftPackageProductDependency;
			package = 2B2646FC27D7439A0096D528 /* XCRemoteSwiftPackageReference "snapkit" */;
			productName = SnapKit;
		};
/* End XCSwiftPackageProductDependency section */
	};
	rootObject = 2B26464A27D7380E0096D528 /* Project object */;
}
