// !$*UTF8*$!
{
	archiveVersion = 1;
	classes = {
	};
	objectVersion = 52;
	objects = {

/* Begin PBXBuildFile section */
		2BEFB29E279E9995003E88C1 /* AppDelegate.swift in Sources */ = {isa = PBXBuildFile; fileRef = 2BEFB29D279E9995003E88C1 /* AppDelegate.swift */; };
		2BEFB2A0279E9995003E88C1 /* SceneDelegate.swift in Sources */ = {isa = PBXBuildFile; fileRef = 2BEFB29F279E9995003E88C1 /* SceneDelegate.swift */; };
		2BEFB2A2279E9995003E88C1 /* StationSearchViewController.swift in Sources */ = {isa = PBXBuildFile; fileRef = 2BEFB2A1279E9995003E88C1 /* StationSearchViewController.swift */; };
		2BEFB2A7279E999B003E88C1 /* Assets.xcassets in Resources */ = {isa = PBXBuildFile; fileRef = 2BEFB2A6279E999B003E88C1 /* Assets.xcassets */; };
		2BEFB2AA279E999B003E88C1 /* LaunchScreen.storyboard in Resources */ = {isa = PBXBuildFile; fileRef = 2BEFB2A8279E999B003E88C1 /* LaunchScreen.storyboard */; };
		2BEFB2B3279E9AEE003E88C1 /* SnapKit in Frameworks */ = {isa = PBXBuildFile; productRef = 2BEFB2B2279E9AEE003E88C1 /* SnapKit */; };
		2BEFB2B6279E9B88003E88C1 /* Kingfisher in Frameworks */ = {isa = PBXBuildFile; productRef = 2BEFB2B5279E9B88003E88C1 /* Kingfisher */; };
		2BEFB2B8279EA0DE003E88C1 /* StationDetailViewController.swift in Sources */ = {isa = PBXBuildFile; fileRef = 2BEFB2B7279EA0DE003E88C1 /* StationDetailViewController.swift */; };
		2BEFB2BA279EA293003E88C1 /* StationDetailCollectionViewCell.swift in Sources */ = {isa = PBXBuildFile; fileRef = 2BEFB2B9279EA293003E88C1 /* StationDetailCollectionViewCell.swift */; };
		2BEFB2BC279EAB1A003E88C1 /* StationResponseModel.swift in Sources */ = {isa = PBXBuildFile; fileRef = 2BEFB2BB279EAB1A003E88C1 /* StationResponseModel.swift */; };
		2BEFB2BF279EAD56003E88C1 /* Alamofire in Frameworks */ = {isa = PBXBuildFile; productRef = 2BEFB2BE279EAD56003E88C1 /* Alamofire */; };
		2BEFB2C1279EC051003E88C1 /* RealtimeArrivalModel.swift in Sources */ = {isa = PBXBuildFile; fileRef = 2BEFB2C0279EC051003E88C1 /* RealtimeArrivalModel.swift */; };
/* End PBXBuildFile section */

/* Begin PBXFileReference section */
		2BEFB29A279E9995003E88C1 /* Subway.app */ = {isa = PBXFileReference; explicitFileType = wrapper.application; includeInIndex = 0; path = Subway.app; sourceTree = BUILT_PRODUCTS_DIR; };
		2BEFB29D279E9995003E88C1 /* AppDelegate.swift */ = {isa = PBXFileReference; lastKnownFileType = sourcecode.swift; path = AppDelegate.swift; sourceTree = "<group>"; };
		2BEFB29F279E9995003E88C1 /* SceneDelegate.swift */ = {isa = PBXFileReference; lastKnownFileType = sourcecode.swift; path = SceneDelegate.swift; sourceTree = "<group>"; };
		2BEFB2A1279E9995003E88C1 /* StationSearchViewController.swift */ = {isa = PBXFileReference; lastKnownFileType = sourcecode.swift; path = StationSearchViewController.swift; sourceTree = "<group>"; };
		2BEFB2A6279E999B003E88C1 /* Assets.xcassets */ = {isa = PBXFileReference; lastKnownFileType = folder.assetcatalog; path = Assets.xcassets; sourceTree = "<group>"; };
		2BEFB2A9279E999B003E88C1 /* Base */ = {isa = PBXFileReference; lastKnownFileType = file.storyboard; name = Base; path = Base.lproj/LaunchScreen.storyboard; sourceTree = "<group>"; };
		2BEFB2AB279E999B003E88C1 /* Info.plist */ = {isa = PBXFileReference; lastKnownFileType = text.plist.xml; path = Info.plist; sourceTree = "<group>"; };
		2BEFB2B7279EA0DE003E88C1 /* StationDetailViewController.swift */ = {isa = PBXFileReference; lastKnownFileType = sourcecode.swift; path = StationDetailViewController.swift; sourceTree = "<group>"; };
		2BEFB2B9279EA293003E88C1 /* StationDetailCollectionViewCell.swift */ = {isa = PBXFileReference; lastKnownFileType = sourcecode.swift; path = StationDetailCollectionViewCell.swift; sourceTree = "<group>"; };
		2BEFB2BB279EAB1A003E88C1 /* StationResponseModel.swift */ = {isa = PBXFileReference; lastKnownFileType = sourcecode.swift; path = StationResponseModel.swift; sourceTree = "<group>"; };
		2BEFB2C0279EC051003E88C1 /* RealtimeArrivalModel.swift */ = {isa = PBXFileReference; lastKnownFileType = sourcecode.swift; path = RealtimeArrivalModel.swift; sourceTree = "<group>"; };
/* End PBXFileReference section */

/* Begin PBXFrameworksBuildPhase section */
		2BEFB297279E9995003E88C1 /* Frameworks */ = {
			isa = PBXFrameworksBuildPhase;
			buildActionMask = 2147483647;
			files = (
				2BEFB2BF279EAD56003E88C1 /* Alamofire in Frameworks */,
				2BEFB2B6279E9B88003E88C1 /* Kingfisher in Frameworks */,
				2BEFB2B3279E9AEE003E88C1 /* SnapKit in Frameworks */,
			);
			runOnlyForDeploymentPostprocessing = 0;
		};
/* End PBXFrameworksBuildPhase section */

/* Begin PBXGroup section */
		2BEFB291279E9995003E88C1 = {
			isa = PBXGroup;
			children = (
				2BEFB29C279E9995003E88C1 /* Subway */,
				2BEFB29B279E9995003E88C1 /* Products */,
			);
			sourceTree = "<group>";
		};
		2BEFB29B279E9995003E88C1 /* Products */ = {
			isa = PBXGroup;
			children = (
				2BEFB29A279E9995003E88C1 /* Subway.app */,
			);
			name = Products;
			sourceTree = "<group>";
		};
		2BEFB29C279E9995003E88C1 /* Subway */ = {
			isa = PBXGroup;
			children = (
				2BEFB29D279E9995003E88C1 /* AppDelegate.swift */,
				2BEFB29F279E9995003E88C1 /* SceneDelegate.swift */,
				2BEFB2A1279E9995003E88C1 /* StationSearchViewController.swift */,
				2BEFB2C0279EC051003E88C1 /* RealtimeArrivalModel.swift */,
				2BEFB2BB279EAB1A003E88C1 /* StationResponseModel.swift */,
				2BEFB2B7279EA0DE003E88C1 /* StationDetailViewController.swift */,
				2BEFB2B9279EA293003E88C1 /* StationDetailCollectionViewCell.swift */,
				2BEFB2A6279E999B003E88C1 /* Assets.xcassets */,
				2BEFB2A8279E999B003E88C1 /* LaunchScreen.storyboard */,
				2BEFB2AB279E999B003E88C1 /* Info.plist */,
			);
			path = Subway;
			sourceTree = "<group>";
		};
/* End PBXGroup section */

/* Begin PBXNativeTarget section */
		2BEFB299279E9995003E88C1 /* Subway */ = {
			isa = PBXNativeTarget;
			buildConfigurationList = 2BEFB2AE279E999B003E88C1 /* Build configuration list for PBXNativeTarget "Subway" */;
			buildPhases = (
				2BEFB296279E9995003E88C1 /* Sources */,
				2BEFB297279E9995003E88C1 /* Frameworks */,
				2BEFB298279E9995003E88C1 /* Resources */,
			);
			buildRules = (
			);
			dependencies = (
			);
			name = Subway;
			packageProductDependencies = (
				2BEFB2B2279E9AEE003E88C1 /* SnapKit */,
				2BEFB2B5279E9B88003E88C1 /* Kingfisher */,
				2BEFB2BE279EAD56003E88C1 /* Alamofire */,
			);
			productName = Subway;
			productReference = 2BEFB29A279E9995003E88C1 /* Subway.app */;
			productType = "com.apple.product-type.application";
		};
/* End PBXNativeTarget section */

/* Begin PBXProject section */
		2BEFB292279E9995003E88C1 /* Project object */ = {
			isa = PBXProject;
			attributes = {
				LastSwiftUpdateCheck = 1250;
				LastUpgradeCheck = 1250;
				TargetAttributes = {
					2BEFB299279E9995003E88C1 = {
						CreatedOnToolsVersion = 12.5.1;
					};
				};
			};
			buildConfigurationList = 2BEFB295279E9995003E88C1 /* Build configuration list for PBXProject "Subway" */;
			compatibilityVersion = "Xcode 9.3";
			developmentRegion = en;
			hasScannedForEncodings = 0;
			knownRegions = (
				en,
				Base,
			);
			mainGroup = 2BEFB291279E9995003E88C1;
			packageReferences = (
				2BEFB2B1279E9AEE003E88C1 /* XCRemoteSwiftPackageReference "SnapKit" */,
				2BEFB2B4279E9B88003E88C1 /* XCRemoteSwiftPackageReference "Kingfisher" */,
				2BEFB2BD279EAD56003E88C1 /* XCRemoteSwiftPackageReference "Alamofire" */,
			);
			productRefGroup = 2BEFB29B279E9995003E88C1 /* Products */;
			projectDirPath = "";
			projectRoot = "";
			targets = (
				2BEFB299279E9995003E88C1 /* Subway */,
			);
		};
/* End PBXProject section */

/* Begin PBXResourcesBuildPhase section */
		2BEFB298279E9995003E88C1 /* Resources */ = {
			isa = PBXResourcesBuildPhase;
			buildActionMask = 2147483647;
			files = (
				2BEFB2AA279E999B003E88C1 /* LaunchScreen.storyboard in Resources */,
				2BEFB2A7279E999B003E88C1 /* Assets.xcassets in Resources */,
			);
			runOnlyForDeploymentPostprocessing = 0;
		};
/* End PBXResourcesBuildPhase section */

/* Begin PBXSourcesBuildPhase section */
		2BEFB296279E9995003E88C1 /* Sources */ = {
			isa = PBXSourcesBuildPhase;
			buildActionMask = 2147483647;
			files = (
				2BEFB2B8279EA0DE003E88C1 /* StationDetailViewController.swift in Sources */,
				2BEFB2BC279EAB1A003E88C1 /* StationResponseModel.swift in Sources */,
				2BEFB2A2279E9995003E88C1 /* StationSearchViewController.swift in Sources */,
				2BEFB2C1279EC051003E88C1 /* RealtimeArrivalModel.swift in Sources */,
				2BEFB29E279E9995003E88C1 /* AppDelegate.swift in Sources */,
				2BEFB2BA279EA293003E88C1 /* StationDetailCollectionViewCell.swift in Sources */,
				2BEFB2A0279E9995003E88C1 /* SceneDelegate.swift in Sources */,
			);
			runOnlyForDeploymentPostprocessing = 0;
		};
/* End PBXSourcesBuildPhase section */

/* Begin PBXVariantGroup section */
		2BEFB2A8279E999B003E88C1 /* LaunchScreen.storyboard */ = {
			isa = PBXVariantGroup;
			children = (
				2BEFB2A9279E999B003E88C1 /* Base */,
			);
			name = LaunchScreen.storyboard;
			sourceTree = "<group>";
		};
/* End PBXVariantGroup section */

/* Begin XCBuildConfiguration section */
		2BEFB2AC279E999B003E88C1 /* Debug */ = {
			isa = XCBuildConfiguration;
			buildSettings = {
				ALWAYS_SEARCH_USER_PATHS = NO;
				CLANG_ANALYZER_NONNULL = YES;
				CLANG_ANALYZER_NUMBER_OBJECT_CONVERSION = YES_AGGRESSIVE;
				CLANG_CXX_LANGUAGE_STANDARD = "gnu++14";
				CLANG_CXX_LIBRARY = "libc++";
				CLANG_ENABLE_MODULES = YES;
				CLANG_ENABLE_OBJC_ARC = YES;
				CLANG_ENABLE_OBJC_WEAK = YES;
				CLANG_WARN_BLOCK_CAPTURE_AUTORELEASING = YES;
				CLANG_WARN_BOOL_CONVERSION = YES;
				CLANG_WARN_COMMA = YES;
				CLANG_WARN_CONSTANT_CONVERSION = YES;
				CLANG_WARN_DEPRECATED_OBJC_IMPLEMENTATIONS = YES;
				CLANG_WARN_DIRECT_OBJC_ISA_USAGE = YES_ERROR;
				CLANG_WARN_DOCUMENTATION_COMMENTS = YES;
				CLANG_WARN_EMPTY_BODY = YES;
				CLANG_WARN_ENUM_CONVERSION = YES;
				CLANG_WARN_INFINITE_RECURSION = YES;
				CLANG_WARN_INT_CONVERSION = YES;
				CLANG_WARN_NON_LITERAL_NULL_CONVERSION = YES;
				CLANG_WARN_OBJC_IMPLICIT_RETAIN_SELF = YES;
				CLANG_WARN_OBJC_LITERAL_CONVERSION = YES;
				CLANG_WARN_OBJC_ROOT_CLASS = YES_ERROR;
				CLANG_WARN_QUOTED_INCLUDE_IN_FRAMEWORK_HEADER = YES;
				CLANG_WARN_RANGE_LOOP_ANALYSIS = YES;
				CLANG_WARN_STRICT_PROTOTYPES = YES;
				CLANG_WARN_SUSPICIOUS_MOVE = YES;
				CLANG_WARN_UNGUARDED_AVAILABILITY = YES_AGGRESSIVE;
				CLANG_WARN_UNREACHABLE_CODE = YES;
				CLANG_WARN__DUPLICATE_METHOD_MATCH = YES;
				COPY_PHASE_STRIP = NO;
				DEBUG_INFORMATION_FORMAT = dwarf;
				ENABLE_STRICT_OBJC_MSGSEND = YES;
				ENABLE_TESTABILITY = YES;
				GCC_C_LANGUAGE_STANDARD = gnu11;
				GCC_DYNAMIC_NO_PIC = NO;
				GCC_NO_COMMON_BLOCKS = YES;
				GCC_OPTIMIZATION_LEVEL = 0;
				GCC_PREPROCESSOR_DEFINITIONS = (
					"DEBUG=1",
					"$(inherited)",
				);
				GCC_WARN_64_TO_32_BIT_CONVERSION = YES;
				GCC_WARN_ABOUT_RETURN_TYPE = YES_ERROR;
				GCC_WARN_UNDECLARED_SELECTOR = YES;
				GCC_WARN_UNINITIALIZED_AUTOS = YES_AGGRESSIVE;
				GCC_WARN_UNUSED_FUNCTION = YES;
				GCC_WARN_UNUSED_VARIABLE = YES;
				IPHONEOS_DEPLOYMENT_TARGET = 14.5;
				MTL_ENABLE_DEBUG_INFO = INCLUDE_SOURCE;
				MTL_FAST_MATH = YES;
				ONLY_ACTIVE_ARCH = YES;
				SDKROOT = iphoneos;
				SWIFT_ACTIVE_COMPILATION_CONDITIONS = DEBUG;
				SWIFT_OPTIMIZATION_LEVEL = "-Onone";
			};
			name = Debug;
		};
		2BEFB2AD279E999B003E88C1 /* Release */ = {
			isa = XCBuildConfiguration;
			buildSettings = {
				ALWAYS_SEARCH_USER_PATHS = NO;
				CLANG_ANALYZER_NONNULL = YES;
				CLANG_ANALYZER_NUMBER_OBJECT_CONVERSION = YES_AGGRESSIVE;
				CLANG_CXX_LANGUAGE_STANDARD = "gnu++14";
				CLANG_CXX_LIBRARY = "libc++";
				CLANG_ENABLE_MODULES = YES;
				CLANG_ENABLE_OBJC_ARC = YES;
				CLANG_ENABLE_OBJC_WEAK = YES;
				CLANG_WARN_BLOCK_CAPTURE_AUTORELEASING = YES;
				CLANG_WARN_BOOL_CONVERSION = YES;
				CLANG_WARN_COMMA = YES;
				CLANG_WARN_CONSTANT_CONVERSION = YES;
				CLANG_WARN_DEPRECATED_OBJC_IMPLEMENTATIONS = YES;
				CLANG_WARN_DIRECT_OBJC_ISA_USAGE = YES_ERROR;
				CLANG_WARN_DOCUMENTATION_COMMENTS = YES;
				CLANG_WARN_EMPTY_BODY = YES;
				CLANG_WARN_ENUM_CONVERSION = YES;
				CLANG_WARN_INFINITE_RECURSION = YES;
				CLANG_WARN_INT_CONVERSION = YES;
				CLANG_WARN_NON_LITERAL_NULL_CONVERSION = YES;
				CLANG_WARN_OBJC_IMPLICIT_RETAIN_SELF = YES;
				CLANG_WARN_OBJC_LITERAL_CONVERSION = YES;
				CLANG_WARN_OBJC_ROOT_CLASS = YES_ERROR;
				CLANG_WARN_QUOTED_INCLUDE_IN_FRAMEWORK_HEADER = YES;
				CLANG_WARN_RANGE_LOOP_ANALYSIS = YES;
				CLANG_WARN_STRICT_PROTOTYPES = YES;
				CLANG_WARN_SUSPICIOUS_MOVE = YES;
				CLANG_WARN_UNGUARDED_AVAILABILITY = YES_AGGRESSIVE;
				CLANG_WARN_UNREACHABLE_CODE = YES;
				CLANG_WARN__DUPLICATE_METHOD_MATCH = YES;
				COPY_PHASE_STRIP = NO;
				DEBUG_INFORMATION_FORMAT = "dwarf-with-dsym";
				ENABLE_NS_ASSERTIONS = NO;
				ENABLE_STRICT_OBJC_MSGSEND = YES;
				GCC_C_LANGUAGE_STANDARD = gnu11;
				GCC_NO_COMMON_BLOCKS = YES;
				GCC_WARN_64_TO_32_BIT_CONVERSION = YES;
				GCC_WARN_ABOUT_RETURN_TYPE = YES_ERROR;
				GCC_WARN_UNDECLARED_SELECTOR = YES;
				GCC_WARN_UNINITIALIZED_AUTOS = YES_AGGRESSIVE;
				GCC_WARN_UNUSED_FUNCTION = YES;
				GCC_WARN_UNUSED_VARIABLE = YES;
				IPHONEOS_DEPLOYMENT_TARGET = 14.5;
				MTL_ENABLE_DEBUG_INFO = NO;
				MTL_FAST_MATH = YES;
				SDKROOT = iphoneos;
				SWIFT_COMPILATION_MODE = wholemodule;
				SWIFT_OPTIMIZATION_LEVEL = "-O";
				VALIDATE_PRODUCT = YES;
			};
			name = Release;
		};
		2BEFB2AF279E999B003E88C1 /* Debug */ = {
			isa = XCBuildConfiguration;
			buildSettings = {
				ASSETCATALOG_COMPILER_APPICON_NAME = AppIcon;
				ASSETCATALOG_COMPILER_GLOBAL_ACCENT_COLOR_NAME = AccentColor;
				CODE_SIGN_STYLE = Automatic;
				DEVELOPMENT_TEAM = 2Q6MH57SWY;
				INFOPLIST_FILE = Subway/Info.plist;
				LD_RUNPATH_SEARCH_PATHS = (
					"$(inherited)",
					"@executable_path/Frameworks",
				);
				PRODUCT_BUNDLE_IDENTIFIER = com.jsy.Subway;
				PRODUCT_NAME = "$(TARGET_NAME)";
				SWIFT_VERSION = 5.0;
				TARGETED_DEVICE_FAMILY = "1,2";
			};
			name = Debug;
		};
		2BEFB2B0279E999B003E88C1 /* Release */ = {
			isa = XCBuildConfiguration;
			buildSettings = {
				ASSETCATALOG_COMPILER_APPICON_NAME = AppIcon;
				ASSETCATALOG_COMPILER_GLOBAL_ACCENT_COLOR_NAME = AccentColor;
				CODE_SIGN_STYLE = Automatic;
				DEVELOPMENT_TEAM = 2Q6MH57SWY;
				INFOPLIST_FILE = Subway/Info.plist;
				LD_RUNPATH_SEARCH_PATHS = (
					"$(inherited)",
					"@executable_path/Frameworks",
				);
				PRODUCT_BUNDLE_IDENTIFIER = com.jsy.Subway;
				PRODUCT_NAME = "$(TARGET_NAME)";
				SWIFT_VERSION = 5.0;
				TARGETED_DEVICE_FAMILY = "1,2";
			};
			name = Release;
		};
/* End XCBuildConfiguration section */

/* Begin XCConfigurationList section */
		2BEFB295279E9995003E88C1 /* Build configuration list for PBXProject "Subway" */ = {
			isa = XCConfigurationList;
			buildConfigurations = (
				2BEFB2AC279E999B003E88C1 /* Debug */,
				2BEFB2AD279E999B003E88C1 /* Release */,
			);
			defaultConfigurationIsVisible = 0;
			defaultConfigurationName = Release;
		};
		2BEFB2AE279E999B003E88C1 /* Build configuration list for PBXNativeTarget "Subway" */ = {
			isa = XCConfigurationList;
			buildConfigurations = (
				2BEFB2AF279E999B003E88C1 /* Debug */,
				2BEFB2B0279E999B003E88C1 /* Release */,
			);
			defaultConfigurationIsVisible = 0;
			defaultConfigurationName = Release;
		};
/* End XCConfigurationList section */

/* Begin XCRemoteSwiftPackageReference section */
		2BEFB2B1279E9AEE003E88C1 /* XCRemoteSwiftPackageReference "SnapKit" */ = {
			isa = XCRemoteSwiftPackageReference;
			repositoryURL = "https://github.com/SnapKit/SnapKit.git";
			requirement = {
				kind = upToNextMajorVersion;
				minimumVersion = 5.0.1;
			};
		};
		2BEFB2B4279E9B88003E88C1 /* XCRemoteSwiftPackageReference "Kingfisher" */ = {
			isa = XCRemoteSwiftPackageReference;
			repositoryURL = "https://github.com/onevcat/Kingfisher.git";
			requirement = {
				kind = upToNextMajorVersion;
				minimumVersion = 7.1.2;
			};
		};
		2BEFB2BD279EAD56003E88C1 /* XCRemoteSwiftPackageReference "Alamofire" */ = {
			isa = XCRemoteSwiftPackageReference;
			repositoryURL = "https://github.com/Alamofire/Alamofire.git";
			requirement = {
				kind = upToNextMajorVersion;
				minimumVersion = 5.4.3;
			};
		};
/* End XCRemoteSwiftPackageReference section */

/* Begin XCSwiftPackageProductDependency section */
		2BEFB2B2279E9AEE003E88C1 /* SnapKit */ = {
			isa = XCSwiftPackageProductDependency;
			package = 2BEFB2B1279E9AEE003E88C1 /* XCRemoteSwiftPackageReference "SnapKit" */;
			productName = SnapKit;
		};
		2BEFB2B5279E9B88003E88C1 /* Kingfisher */ = {
			isa = XCSwiftPackageProductDependency;
			package = 2BEFB2B4279E9B88003E88C1 /* XCRemoteSwiftPackageReference "Kingfisher" */;
			productName = Kingfisher;
		};
		2BEFB2BE279EAD56003E88C1 /* Alamofire */ = {
			isa = XCSwiftPackageProductDependency;
			package = 2BEFB2BD279EAD56003E88C1 /* XCRemoteSwiftPackageReference "Alamofire" */;
			productName = Alamofire;
		};
/* End XCSwiftPackageProductDependency section */
	};
	rootObject = 2BEFB292279E9995003E88C1 /* Project object */;
}
